// !$*UTF8*$!
{
	archiveVersion = 1;
	classes = {
	};
	objectVersion = 50;
	objects = {

/* Begin PBXBuildFile section */
		1906C7EE22D1B097007CD0D4 /* AppDelegate.swift in Sources */ = {isa = PBXBuildFile; fileRef = 1906C7ED22D1B097007CD0D4 /* AppDelegate.swift */; };
		1906C7F022D1B097007CD0D4 /* ViewController.swift in Sources */ = {isa = PBXBuildFile; fileRef = 1906C7EF22D1B097007CD0D4 /* ViewController.swift */; };
		1906C7F322D1B097007CD0D4 /* Main.storyboard in Resources */ = {isa = PBXBuildFile; fileRef = 1906C7F122D1B097007CD0D4 /* Main.storyboard */; };
		1906C7F622D1B097007CD0D4 /* FCS_Mock_Season_Creator.xcdatamodeld in Sources */ = {isa = PBXBuildFile; fileRef = 1906C7F422D1B097007CD0D4 /* FCS_Mock_Season_Creator.xcdatamodeld */; };
		1906C7F822D1B098007CD0D4 /* Assets.xcassets in Resources */ = {isa = PBXBuildFile; fileRef = 1906C7F722D1B098007CD0D4 /* Assets.xcassets */; };
		1906C7FB22D1B098007CD0D4 /* LaunchScreen.storyboard in Resources */ = {isa = PBXBuildFile; fileRef = 1906C7F922D1B098007CD0D4 /* LaunchScreen.storyboard */; };
		1906C80622D1B098007CD0D4 /* FCS_Mock_Season_CreatorTests.swift in Sources */ = {isa = PBXBuildFile; fileRef = 1906C80522D1B098007CD0D4 /* FCS_Mock_Season_CreatorTests.swift */; };
		1906C81122D1B098007CD0D4 /* FCS_Mock_Season_CreatorUITests.swift in Sources */ = {isa = PBXBuildFile; fileRef = 1906C81022D1B098007CD0D4 /* FCS_Mock_Season_CreatorUITests.swift */; };
/* End PBXBuildFile section */

/* Begin PBXContainerItemProxy section */
		1906C80222D1B098007CD0D4 /* PBXContainerItemProxy */ = {
			isa = PBXContainerItemProxy;
			containerPortal = 1906C7E222D1B097007CD0D4 /* Project object */;
			proxyType = 1;
			remoteGlobalIDString = 1906C7E922D1B097007CD0D4;
			remoteInfo = "FCS Mock Season Creator";
		};
		1906C80D22D1B098007CD0D4 /* PBXContainerItemProxy */ = {
			isa = PBXContainerItemProxy;
			containerPortal = 1906C7E222D1B097007CD0D4 /* Project object */;
			proxyType = 1;
			remoteGlobalIDString = 1906C7E922D1B097007CD0D4;
			remoteInfo = "FCS Mock Season Creator";
		};
/* End PBXContainerItemProxy section */

/* Begin PBXFileReference section */
		1906C7EA22D1B097007CD0D4 /* FCS Mock Season Creator.app */ = {isa = PBXFileReference; explicitFileType = wrapper.application; includeInIndex = 0; path = "FCS Mock Season Creator.app"; sourceTree = BUILT_PRODUCTS_DIR; };
		1906C7ED22D1B097007CD0D4 /* AppDelegate.swift */ = {isa = PBXFileReference; lastKnownFileType = sourcecode.swift; path = AppDelegate.swift; sourceTree = "<group>"; };
		1906C7EF22D1B097007CD0D4 /* ViewController.swift */ = {isa = PBXFileReference; lastKnownFileType = sourcecode.swift; path = ViewController.swift; sourceTree = "<group>"; };
		1906C7F222D1B097007CD0D4 /* Base */ = {isa = PBXFileReference; lastKnownFileType = file.storyboard; name = Base; path = Base.lproj/Main.storyboard; sourceTree = "<group>"; };
		1906C7F522D1B097007CD0D4 /* FCS_Mock_Season_Creator.xcdatamodel */ = {isa = PBXFileReference; lastKnownFileType = wrapper.xcdatamodel; path = FCS_Mock_Season_Creator.xcdatamodel; sourceTree = "<group>"; };
		1906C7F722D1B098007CD0D4 /* Assets.xcassets */ = {isa = PBXFileReference; lastKnownFileType = folder.assetcatalog; path = Assets.xcassets; sourceTree = "<group>"; };
		1906C7FA22D1B098007CD0D4 /* Base */ = {isa = PBXFileReference; lastKnownFileType = file.storyboard; name = Base; path = Base.lproj/LaunchScreen.storyboard; sourceTree = "<group>"; };
		1906C7FC22D1B098007CD0D4 /* Info.plist */ = {isa = PBXFileReference; lastKnownFileType = text.plist.xml; path = Info.plist; sourceTree = "<group>"; };
		1906C80122D1B098007CD0D4 /* FCS Mock Season CreatorTests.xctest */ = {isa = PBXFileReference; explicitFileType = wrapper.cfbundle; includeInIndex = 0; path = "FCS Mock Season CreatorTests.xctest"; sourceTree = BUILT_PRODUCTS_DIR; };
		1906C80522D1B098007CD0D4 /* FCS_Mock_Season_CreatorTests.swift */ = {isa = PBXFileReference; lastKnownFileType = sourcecode.swift; path = FCS_Mock_Season_CreatorTests.swift; sourceTree = "<group>"; };
		1906C80722D1B098007CD0D4 /* Info.plist */ = {isa = PBXFileReference; lastKnownFileType = text.plist.xml; path = Info.plist; sourceTree = "<group>"; };
		1906C80C22D1B098007CD0D4 /* FCS Mock Season CreatorUITests.xctest */ = {isa = PBXFileReference; explicitFileType = wrapper.cfbundle; includeInIndex = 0; path = "FCS Mock Season CreatorUITests.xctest"; sourceTree = BUILT_PRODUCTS_DIR; };
		1906C81022D1B098007CD0D4 /* FCS_Mock_Season_CreatorUITests.swift */ = {isa = PBXFileReference; lastKnownFileType = sourcecode.swift; path = FCS_Mock_Season_CreatorUITests.swift; sourceTree = "<group>"; };
		1906C81222D1B098007CD0D4 /* Info.plist */ = {isa = PBXFileReference; lastKnownFileType = text.plist.xml; path = Info.plist; sourceTree = "<group>"; };
/* End PBXFileReference section */

/* Begin PBXFrameworksBuildPhase section */
		1906C7E722D1B097007CD0D4 /* Frameworks */ = {
			isa = PBXFrameworksBuildPhase;
			buildActionMask = 2147483647;
			files = (
			);
			runOnlyForDeploymentPostprocessing = 0;
		};
		1906C7FE22D1B098007CD0D4 /* Frameworks */ = {
			isa = PBXFrameworksBuildPhase;
			buildActionMask = 2147483647;
			files = (
			);
			runOnlyForDeploymentPostprocessing = 0;
		};
		1906C80922D1B098007CD0D4 /* Frameworks */ = {
			isa = PBXFrameworksBuildPhase;
			buildActionMask = 2147483647;
			files = (
			);
			runOnlyForDeploymentPostprocessing = 0;
		};
/* End PBXFrameworksBuildPhase section */

/* Begin PBXGroup section */
		1906C7E122D1B097007CD0D4 = {
			isa = PBXGroup;
			children = (
				1906C7EC22D1B097007CD0D4 /* FCS Mock Season Creator */,
				1906C80422D1B098007CD0D4 /* FCS Mock Season CreatorTests */,
				1906C80F22D1B098007CD0D4 /* FCS Mock Season CreatorUITests */,
				1906C7EB22D1B097007CD0D4 /* Products */,
			);
			sourceTree = "<group>";
		};
		1906C7EB22D1B097007CD0D4 /* Products */ = {
			isa = PBXGroup;
			children = (
				1906C7EA22D1B097007CD0D4 /* FCS Mock Season Creator.app */,
				1906C80122D1B098007CD0D4 /* FCS Mock Season CreatorTests.xctest */,
				1906C80C22D1B098007CD0D4 /* FCS Mock Season CreatorUITests.xctest */,
			);
			name = Products;
			sourceTree = "<group>";
		};
		1906C7EC22D1B097007CD0D4 /* FCS Mock Season Creator */ = {
			isa = PBXGroup;
			children = (
				1906C7ED22D1B097007CD0D4 /* AppDelegate.swift */,
				1906C7EF22D1B097007CD0D4 /* ViewController.swift */,
				1906C7F122D1B097007CD0D4 /* Main.storyboard */,
				1906C7F722D1B098007CD0D4 /* Assets.xcassets */,
				1906C7F922D1B098007CD0D4 /* LaunchScreen.storyboard */,
				1906C7FC22D1B098007CD0D4 /* Info.plist */,
				1906C7F422D1B097007CD0D4 /* FCS_Mock_Season_Creator.xcdatamodeld */,
			);
			path = "FCS Mock Season Creator";
			sourceTree = "<group>";
		};
		1906C80422D1B098007CD0D4 /* FCS Mock Season CreatorTests */ = {
			isa = PBXGroup;
			children = (
				1906C80522D1B098007CD0D4 /* FCS_Mock_Season_CreatorTests.swift */,
				1906C80722D1B098007CD0D4 /* Info.plist */,
			);
			path = "FCS Mock Season CreatorTests";
			sourceTree = "<group>";
		};
		1906C80F22D1B098007CD0D4 /* FCS Mock Season CreatorUITests */ = {
			isa = PBXGroup;
			children = (
				1906C81022D1B098007CD0D4 /* FCS_Mock_Season_CreatorUITests.swift */,
				1906C81222D1B098007CD0D4 /* Info.plist */,
			);
			path = "FCS Mock Season CreatorUITests";
			sourceTree = "<group>";
		};
/* End PBXGroup section */

/* Begin PBXNativeTarget section */
		1906C7E922D1B097007CD0D4 /* FCS Mock Season Creator */ = {
			isa = PBXNativeTarget;
			buildConfigurationList = 1906C81522D1B098007CD0D4 /* Build configuration list for PBXNativeTarget "FCS Mock Season Creator" */;
			buildPhases = (
				1906C7E622D1B097007CD0D4 /* Sources */,
				1906C7E722D1B097007CD0D4 /* Frameworks */,
				1906C7E822D1B097007CD0D4 /* Resources */,
			);
			buildRules = (
			);
			dependencies = (
			);
			name = "FCS Mock Season Creator";
			productName = "FCS Mock Season Creator";
			productReference = 1906C7EA22D1B097007CD0D4 /* FCS Mock Season Creator.app */;
			productType = "com.apple.product-type.application";
		};
		1906C80022D1B098007CD0D4 /* FCS Mock Season CreatorTests */ = {
			isa = PBXNativeTarget;
			buildConfigurationList = 1906C81822D1B098007CD0D4 /* Build configuration list for PBXNativeTarget "FCS Mock Season CreatorTests" */;
			buildPhases = (
				1906C7FD22D1B098007CD0D4 /* Sources */,
				1906C7FE22D1B098007CD0D4 /* Frameworks */,
				1906C7FF22D1B098007CD0D4 /* Resources */,
			);
			buildRules = (
			);
			dependencies = (
				1906C80322D1B098007CD0D4 /* PBXTargetDependency */,
			);
			name = "FCS Mock Season CreatorTests";
			productName = "FCS Mock Season CreatorTests";
			productReference = 1906C80122D1B098007CD0D4 /* FCS Mock Season CreatorTests.xctest */;
			productType = "com.apple.product-type.bundle.unit-test";
		};
		1906C80B22D1B098007CD0D4 /* FCS Mock Season CreatorUITests */ = {
			isa = PBXNativeTarget;
			buildConfigurationList = 1906C81B22D1B098007CD0D4 /* Build configuration list for PBXNativeTarget "FCS Mock Season CreatorUITests" */;
			buildPhases = (
				1906C80822D1B098007CD0D4 /* Sources */,
				1906C80922D1B098007CD0D4 /* Frameworks */,
				1906C80A22D1B098007CD0D4 /* Resources */,
			);
			buildRules = (
			);
			dependencies = (
				1906C80E22D1B098007CD0D4 /* PBXTargetDependency */,
			);
			name = "FCS Mock Season CreatorUITests";
			productName = "FCS Mock Season CreatorUITests";
			productReference = 1906C80C22D1B098007CD0D4 /* FCS Mock Season CreatorUITests.xctest */;
			productType = "com.apple.product-type.bundle.ui-testing";
		};
/* End PBXNativeTarget section */

/* Begin PBXProject section */
		1906C7E222D1B097007CD0D4 /* Project object */ = {
			isa = PBXProject;
			attributes = {
				LastSwiftUpdateCheck = 1020;
				LastUpgradeCheck = 1020;
				ORGANIZATIONNAME = "Tyler Cheek";
				TargetAttributes = {
					1906C7E922D1B097007CD0D4 = {
						CreatedOnToolsVersion = 10.2.1;
					};
					1906C80022D1B098007CD0D4 = {
						CreatedOnToolsVersion = 10.2.1;
						TestTargetID = 1906C7E922D1B097007CD0D4;
					};
					1906C80B22D1B098007CD0D4 = {
						CreatedOnToolsVersion = 10.2.1;
						TestTargetID = 1906C7E922D1B097007CD0D4;
					};
				};
			};
			buildConfigurationList = 1906C7E522D1B097007CD0D4 /* Build configuration list for PBXProject "FCS Mock Season Creator" */;
			compatibilityVersion = "Xcode 9.3";
			developmentRegion = en;
			hasScannedForEncodings = 0;
			knownRegions = (
				en,
				Base,
			);
			mainGroup = 1906C7E122D1B097007CD0D4;
			productRefGroup = 1906C7EB22D1B097007CD0D4 /* Products */;
			projectDirPath = "";
			projectRoot = "";
			targets = (
				1906C7E922D1B097007CD0D4 /* FCS Mock Season Creator */,
				1906C80022D1B098007CD0D4 /* FCS Mock Season CreatorTests */,
				1906C80B22D1B098007CD0D4 /* FCS Mock Season CreatorUITests */,
			);
		};
/* End PBXProject section */

/* Begin PBXResourcesBuildPhase section */
		1906C7E822D1B097007CD0D4 /* Resources */ = {
			isa = PBXResourcesBuildPhase;
			buildActionMask = 2147483647;
			files = (
				1906C7FB22D1B098007CD0D4 /* LaunchScreen.storyboard in Resources */,
				1906C7F822D1B098007CD0D4 /* Assets.xcassets in Resources */,
				1906C7F322D1B097007CD0D4 /* Main.storyboard in Resources */,
			);
			runOnlyForDeploymentPostprocessing = 0;
		};
		1906C7FF22D1B098007CD0D4 /* Resources */ = {
			isa = PBXResourcesBuildPhase;
			buildActionMask = 2147483647;
			files = (
			);
			runOnlyForDeploymentPostprocessing = 0;
		};
		1906C80A22D1B098007CD0D4 /* Resources */ = {
			isa = PBXResourcesBuildPhase;
			buildActionMask = 2147483647;
			files = (
			);
			runOnlyForDeploymentPostprocessing = 0;
		};
/* End PBXResourcesBuildPhase section */

/* Begin PBXSourcesBuildPhase section */
		1906C7E622D1B097007CD0D4 /* Sources */ = {
			isa = PBXSourcesBuildPhase;
			buildActionMask = 2147483647;
			files = (
				1906C7F022D1B097007CD0D4 /* ViewController.swift in Sources */,
				1906C7EE22D1B097007CD0D4 /* AppDelegate.swift in Sources */,
				1906C7F622D1B097007CD0D4 /* FCS_Mock_Season_Creator.xcdatamodeld in Sources */,
			);
			runOnlyForDeploymentPostprocessing = 0;
		};
		1906C7FD22D1B098007CD0D4 /* Sources */ = {
			isa = PBXSourcesBuildPhase;
			buildActionMask = 2147483647;
			files = (
				1906C80622D1B098007CD0D4 /* FCS_Mock_Season_CreatorTests.swift in Sources */,
			);
			runOnlyForDeploymentPostprocessing = 0;
		};
		1906C80822D1B098007CD0D4 /* Sources */ = {
			isa = PBXSourcesBuildPhase;
			buildActionMask = 2147483647;
			files = (
				1906C81122D1B098007CD0D4 /* FCS_Mock_Season_CreatorUITests.swift in Sources */,
			);
			runOnlyForDeploymentPostprocessing = 0;
		};
/* End PBXSourcesBuildPhase section */

/* Begin PBXTargetDependency section */
		1906C80322D1B098007CD0D4 /* PBXTargetDependency */ = {
			isa = PBXTargetDependency;
			target = 1906C7E922D1B097007CD0D4 /* FCS Mock Season Creator */;
			targetProxy = 1906C80222D1B098007CD0D4 /* PBXContainerItemProxy */;
		};
		1906C80E22D1B098007CD0D4 /* PBXTargetDependency */ = {
			isa = PBXTargetDependency;
			target = 1906C7E922D1B097007CD0D4 /* FCS Mock Season Creator */;
			targetProxy = 1906C80D22D1B098007CD0D4 /* PBXContainerItemProxy */;
		};
/* End PBXTargetDependency section */

/* Begin PBXVariantGroup section */
		1906C7F122D1B097007CD0D4 /* Main.storyboard */ = {
			isa = PBXVariantGroup;
			children = (
				1906C7F222D1B097007CD0D4 /* Base */,
			);
			name = Main.storyboard;
			sourceTree = "<group>";
		};
		1906C7F922D1B098007CD0D4 /* LaunchScreen.storyboard */ = {
			isa = PBXVariantGroup;
			children = (
				1906C7FA22D1B098007CD0D4 /* Base */,
			);
			name = LaunchScreen.storyboard;
			sourceTree = "<group>";
		};
/* End PBXVariantGroup section */

/* Begin XCBuildConfiguration section */
		1906C81322D1B098007CD0D4 /* Debug */ = {
			isa = XCBuildConfiguration;
			buildSettings = {
				ALWAYS_SEARCH_USER_PATHS = NO;
				CLANG_ANALYZER_NONNULL = YES;
				CLANG_ANALYZER_NUMBER_OBJECT_CONVERSION = YES_AGGRESSIVE;
				CLANG_CXX_LANGUAGE_STANDARD = "gnu++14";
				CLANG_CXX_LIBRARY = "libc++";
				CLANG_ENABLE_MODULES = YES;
				CLANG_ENABLE_OBJC_ARC = YES;
				CLANG_ENABLE_OBJC_WEAK = YES;
				CLANG_WARN_BLOCK_CAPTURE_AUTORELEASING = YES;
				CLANG_WARN_BOOL_CONVERSION = YES;
				CLANG_WARN_COMMA = YES;
				CLANG_WARN_CONSTANT_CONVERSION = YES;
				CLANG_WARN_DEPRECATED_OBJC_IMPLEMENTATIONS = YES;
				CLANG_WARN_DIRECT_OBJC_ISA_USAGE = YES_ERROR;
				CLANG_WARN_DOCUMENTATION_COMMENTS = YES;
				CLANG_WARN_EMPTY_BODY = YES;
				CLANG_WARN_ENUM_CONVERSION = YES;
				CLANG_WARN_INFINITE_RECURSION = YES;
				CLANG_WARN_INT_CONVERSION = YES;
				CLANG_WARN_NON_LITERAL_NULL_CONVERSION = YES;
				CLANG_WARN_OBJC_IMPLICIT_RETAIN_SELF = YES;
				CLANG_WARN_OBJC_LITERAL_CONVERSION = YES;
				CLANG_WARN_OBJC_ROOT_CLASS = YES_ERROR;
				CLANG_WARN_RANGE_LOOP_ANALYSIS = YES;
				CLANG_WARN_STRICT_PROTOTYPES = YES;
				CLANG_WARN_SUSPICIOUS_MOVE = YES;
				CLANG_WARN_UNGUARDED_AVAILABILITY = YES_AGGRESSIVE;
				CLANG_WARN_UNREACHABLE_CODE = YES;
				CLANG_WARN__DUPLICATE_METHOD_MATCH = YES;
				CODE_SIGN_IDENTITY = "iPhone Developer";
				COPY_PHASE_STRIP = NO;
				DEBUG_INFORMATION_FORMAT = dwarf;
				ENABLE_STRICT_OBJC_MSGSEND = YES;
				ENABLE_TESTABILITY = YES;
				GCC_C_LANGUAGE_STANDARD = gnu11;
				GCC_DYNAMIC_NO_PIC = NO;
				GCC_NO_COMMON_BLOCKS = YES;
				GCC_OPTIMIZATION_LEVEL = 0;
				GCC_PREPROCESSOR_DEFINITIONS = (
					"DEBUG=1",
					"$(inherited)",
				);
				GCC_WARN_64_TO_32_BIT_CONVERSION = YES;
				GCC_WARN_ABOUT_RETURN_TYPE = YES_ERROR;
				GCC_WARN_UNDECLARED_SELECTOR = YES;
				GCC_WARN_UNINITIALIZED_AUTOS = YES_AGGRESSIVE;
				GCC_WARN_UNUSED_FUNCTION = YES;
				GCC_WARN_UNUSED_VARIABLE = YES;
				IPHONEOS_DEPLOYMENT_TARGET = 12.2;
				MTL_ENABLE_DEBUG_INFO = INCLUDE_SOURCE;
				MTL_FAST_MATH = YES;
				ONLY_ACTIVE_ARCH = YES;
				SDKROOT = iphoneos;
				SWIFT_ACTIVE_COMPILATION_CONDITIONS = DEBUG;
				SWIFT_OPTIMIZATION_LEVEL = "-Onone";
			};
			name = Debug;
		};
		1906C81422D1B098007CD0D4 /* Release */ = {
			isa = XCBuildConfiguration;
			buildSettings = {
				ALWAYS_SEARCH_USER_PATHS = NO;
				CLANG_ANALYZER_NONNULL = YES;
				CLANG_ANALYZER_NUMBER_OBJECT_CONVERSION = YES_AGGRESSIVE;
				CLANG_CXX_LANGUAGE_STANDARD = "gnu++14";
				CLANG_CXX_LIBRARY = "libc++";
				CLANG_ENABLE_MODULES = YES;
				CLANG_ENABLE_OBJC_ARC = YES;
				CLANG_ENABLE_OBJC_WEAK = YES;
				CLANG_WARN_BLOCK_CAPTURE_AUTORELEASING = YES;
				CLANG_WARN_BOOL_CONVERSION = YES;
				CLANG_WARN_COMMA = YES;
				CLANG_WARN_CONSTANT_CONVERSION = YES;
				CLANG_WARN_DEPRECATED_OBJC_IMPLEMENTATIONS = YES;
				CLANG_WARN_DIRECT_OBJC_ISA_USAGE = YES_ERROR;
				CLANG_WARN_DOCUMENTATION_COMMENTS = YES;
				CLANG_WARN_EMPTY_BODY = YES;
				CLANG_WARN_ENUM_CONVERSION = YES;
				CLANG_WARN_INFINITE_RECURSION = YES;
				CLANG_WARN_INT_CONVERSION = YES;
				CLANG_WARN_NON_LITERAL_NULL_CONVERSION = YES;
				CLANG_WARN_OBJC_IMPLICIT_RETAIN_SELF = YES;
				CLANG_WARN_OBJC_LITERAL_CONVERSION = YES;
				CLANG_WARN_OBJC_ROOT_CLASS = YES_ERROR;
				CLANG_WARN_RANGE_LOOP_ANALYSIS = YES;
				CLANG_WARN_STRICT_PROTOTYPES = YES;
				CLANG_WARN_SUSPICIOUS_MOVE = YES;
				CLANG_WARN_UNGUARDED_AVAILABILITY = YES_AGGRESSIVE;
				CLANG_WARN_UNREACHABLE_CODE = YES;
				CLANG_WARN__DUPLICATE_METHOD_MATCH = YES;
				CODE_SIGN_IDENTITY = "iPhone Developer";
				COPY_PHASE_STRIP = NO;
				DEBUG_INFORMATION_FORMAT = "dwarf-with-dsym";
				ENABLE_NS_ASSERTIONS = NO;
				ENABLE_STRICT_OBJC_MSGSEND = YES;
				GCC_C_LANGUAGE_STANDARD = gnu11;
				GCC_NO_COMMON_BLOCKS = YES;
				GCC_WARN_64_TO_32_BIT_CONVERSION = YES;
				GCC_WARN_ABOUT_RETURN_TYPE = YES_ERROR;
				GCC_WARN_UNDECLARED_SELECTOR = YES;
				GCC_WARN_UNINITIALIZED_AUTOS = YES_AGGRESSIVE;
				GCC_WARN_UNUSED_FUNCTION = YES;
				GCC_WARN_UNUSED_VARIABLE = YES;
				IPHONEOS_DEPLOYMENT_TARGET = 12.2;
				MTL_ENABLE_DEBUG_INFO = NO;
				MTL_FAST_MATH = YES;
				SDKROOT = iphoneos;
				SWIFT_COMPILATION_MODE = wholemodule;
				SWIFT_OPTIMIZATION_LEVEL = "-O";
				VALIDATE_PRODUCT = YES;
			};
			name = Release;
		};
		1906C81622D1B098007CD0D4 /* Debug */ = {
			isa = XCBuildConfiguration;
			buildSettings = {
				ASSETCATALOG_COMPILER_APPICON_NAME = AppIcon;
				CODE_SIGN_STYLE = Automatic;
				DEVELOPMENT_TEAM = V3MDBDHR5T;
				INFOPLIST_FILE = "FCS Mock Season Creator/Info.plist";
				LD_RUNPATH_SEARCH_PATHS = (
					"$(inherited)",
					"@executable_path/Frameworks",
				);
				PRODUCT_BUNDLE_IDENTIFIER = "com.insidious.FCS-Mock-Season-Creator";
				PRODUCT_NAME = "$(TARGET_NAME)";
				SWIFT_VERSION = 5.0;
				TARGETED_DEVICE_FAMILY = "1,2";
			};
			name = Debug;
		};
		1906C81722D1B098007CD0D4 /* Release */ = {
			isa = XCBuildConfiguration;
			buildSettings = {
				ASSETCATALOG_COMPILER_APPICON_NAME = AppIcon;
				CODE_SIGN_STYLE = Automatic;
				DEVELOPMENT_TEAM = V3MDBDHR5T;
				INFOPLIST_FILE = "FCS Mock Season Creator/Info.plist";
				LD_RUNPATH_SEARCH_PATHS = (
					"$(inherited)",
					"@executable_path/Frameworks",
				);
				PRODUCT_BUNDLE_IDENTIFIER = "com.insidious.FCS-Mock-Season-Creator";
				PRODUCT_NAME = "$(TARGET_NAME)";
				SWIFT_VERSION = 5.0;
				TARGETED_DEVICE_FAMILY = "1,2";
			};
			name = Release;
		};
		1906C81922D1B098007CD0D4 /* Debug */ = {
			isa = XCBuildConfiguration;
			buildSettings = {
				ALWAYS_EMBED_SWIFT_STANDARD_LIBRARIES = YES;
				BUNDLE_LOADER = "$(TEST_HOST)";
				CODE_SIGN_STYLE = Automatic;
				DEVELOPMENT_TEAM = V3MDBDHR5T;
				INFOPLIST_FILE = "FCS Mock Season CreatorTests/Info.plist";
				LD_RUNPATH_SEARCH_PATHS = (
					"$(inherited)",
					"@executable_path/Frameworks",
					"@loader_path/Frameworks",
				);
				PRODUCT_BUNDLE_IDENTIFIER = "com.insidious.FCS-Mock-Season-CreatorTests";
				PRODUCT_NAME = "$(TARGET_NAME)";
				SWIFT_VERSION = 5.0;
				TARGETED_DEVICE_FAMILY = "1,2";
				TEST_HOST = "$(BUILT_PRODUCTS_DIR)/FCS Mock Season Creator.app/FCS Mock Season Creator";
			};
			name = Debug;
		};
		1906C81A22D1B098007CD0D4 /* Release */ = {
			isa = XCBuildConfiguration;
			buildSettings = {
				ALWAYS_EMBED_SWIFT_STANDARD_LIBRARIES = YES;
				BUNDLE_LOADER = "$(TEST_HOST)";
				CODE_SIGN_STYLE = Automatic;
				DEVELOPMENT_TEAM = V3MDBDHR5T;
				INFOPLIST_FILE = "FCS Mock Season CreatorTests/Info.plist";
				LD_RUNPATH_SEARCH_PATHS = (
					"$(inherited)",
					"@executable_path/Frameworks",
					"@loader_path/Frameworks",
				);
				PRODUCT_BUNDLE_IDENTIFIER = "com.insidious.FCS-Mock-Season-CreatorTests";
				PRODUCT_NAME = "$(TARGET_NAME)";
				SWIFT_VERSION = 5.0;
				TARGETED_DEVICE_FAMILY = "1,2";
				TEST_HOST = "$(BUILT_PRODUCTS_DIR)/FCS Mock Season Creator.app/FCS Mock Season Creator";
			};
			name = Release;
		};
		1906C81C22D1B098007CD0D4 /* Debug */ = {
			isa = XCBuildConfiguration;
			buildSettings = {
				ALWAYS_EMBED_SWIFT_STANDARD_LIBRARIES = YES;
				CODE_SIGN_STYLE = Automatic;
				DEVELOPMENT_TEAM = V3MDBDHR5T;
				INFOPLIST_FILE = "FCS Mock Season CreatorUITests/Info.plist";
				LD_RUNPATH_SEARCH_PATHS = (
					"$(inherited)",
					"@executable_path/Frameworks",
					"@loader_path/Frameworks",
				);
				PRODUCT_BUNDLE_IDENTIFIER = "com.insidious.FCS-Mock-Season-CreatorUITests";
				PRODUCT_NAME = "$(TARGET_NAME)";
				SWIFT_VERSION = 5.0;
				TARGETED_DEVICE_FAMILY = "1,2";
				TEST_TARGET_NAME = "FCS Mock Season Creator";
			};
			name = Debug;
		};
		1906C81D22D1B098007CD0D4 /* Release */ = {
			isa = XCBuildConfiguration;
			buildSettings = {
				ALWAYS_EMBED_SWIFT_STANDARD_LIBRARIES = YES;
				CODE_SIGN_STYLE = Automatic;
				DEVELOPMENT_TEAM = V3MDBDHR5T;
				INFOPLIST_FILE = "FCS Mock Season CreatorUITests/Info.plist";
				LD_RUNPATH_SEARCH_PATHS = (
					"$(inherited)",
					"@executable_path/Frameworks",
					"@loader_path/Frameworks",
				);
				PRODUCT_BUNDLE_IDENTIFIER = "com.insidious.FCS-Mock-Season-CreatorUITests";
				PRODUCT_NAME = "$(TARGET_NAME)";
				SWIFT_VERSION = 5.0;
				TARGETED_DEVICE_FAMILY = "1,2";
				TEST_TARGET_NAME = "FCS Mock Season Creator";
			};
			name = Release;
		};
/* End XCBuildConfiguration section */

/* Begin XCConfigurationList section */
		1906C7E522D1B097007CD0D4 /* Build configuration list for PBXProject "FCS Mock Season Creator" */ = {
			isa = XCConfigurationList;
			buildConfigurations = (
				1906C81322D1B098007CD0D4 /* Debug */,
				1906C81422D1B098007CD0D4 /* Release */,
			);
			defaultConfigurationIsVisible = 0;
			defaultConfigurationName = Release;
		};
		1906C81522D1B098007CD0D4 /* Build configuration list for PBXNativeTarget "FCS Mock Season Creator" */ = {
			isa = XCConfigurationList;
			buildConfigurations = (
				1906C81622D1B098007CD0D4 /* Debug */,
				1906C81722D1B098007CD0D4 /* Release */,
			);
			defaultConfigurationIsVisible = 0;
			defaultConfigurationName = Release;
		};
		1906C81822D1B098007CD0D4 /* Build configuration list for PBXNativeTarget "FCS Mock Season CreatorTests" */ = {
			isa = XCConfigurationList;
			buildConfigurations = (
				1906C81922D1B098007CD0D4 /* Debug */,
				1906C81A22D1B098007CD0D4 /* Release */,
			);
			defaultConfigurationIsVisible = 0;
			defaultConfigurationName = Release;
		};
		1906C81B22D1B098007CD0D4 /* Build configuration list for PBXNativeTarget "FCS Mock Season CreatorUITests" */ = {
			isa = XCConfigurationList;
			buildConfigurations = (
				1906C81C22D1B098007CD0D4 /* Debug */,
				1906C81D22D1B098007CD0D4 /* Release */,
			);
			defaultConfigurationIsVisible = 0;
			defaultConfigurationName = Release;
		};
/* End XCConfigurationList section */

/* Begin XCVersionGroup section */
		1906C7F422D1B097007CD0D4 /* FCS_Mock_Season_Creator.xcdatamodeld */ = {
			isa = XCVersionGroup;
			children = (
				1906C7F522D1B097007CD0D4 /* FCS_Mock_Season_Creator.xcdatamodel */,
			);
			currentVersion = 1906C7F522D1B097007CD0D4 /* FCS_Mock_Season_Creator.xcdatamodel */;
			path = FCS_Mock_Season_Creator.xcdatamodeld;
			sourceTree = "<group>";
			versionGroupType = wrapper.xcdatamodel;
		};
/* End XCVersionGroup section */
	};
	rootObject = 1906C7E222D1B097007CD0D4 /* Project object */;
}
