// !$*UTF8*$!
{
	archiveVersion = 1;
	classes = {
	};
	objectVersion = 51;
	objects = {

/* Begin PBXBuildFile section */
		1906C7EE22D1B097007CD0D4 /* AppDelegate.swift in Sources */ = {isa = PBXBuildFile; fileRef = 1906C7ED22D1B097007CD0D4 /* AppDelegate.swift */; };
		1906C7F022D1B097007CD0D4 /* LoginViewController.swift in Sources */ = {isa = PBXBuildFile; fileRef = 1906C7EF22D1B097007CD0D4 /* LoginViewController.swift */; };
		1906C7F322D1B097007CD0D4 /* Main.storyboard in Resources */ = {isa = PBXBuildFile; fileRef = 1906C7F122D1B097007CD0D4 /* Main.storyboard */; };
		1906C7F622D1B097007CD0D4 /* FCS_Mock_Season_Creator.xcdatamodeld in Sources */ = {isa = PBXBuildFile; fileRef = 1906C7F422D1B097007CD0D4 /* FCS_Mock_Season_Creator.xcdatamodeld */; };
		1906C7F822D1B098007CD0D4 /* Assets.xcassets in Resources */ = {isa = PBXBuildFile; fileRef = 1906C7F722D1B098007CD0D4 /* Assets.xcassets */; };
		1906C7FB22D1B098007CD0D4 /* LaunchScreen.storyboard in Resources */ = {isa = PBXBuildFile; fileRef = 1906C7F922D1B098007CD0D4 /* LaunchScreen.storyboard */; };
		1906C80622D1B098007CD0D4 /* FCS_Mock_Season_CreatorTests.swift in Sources */ = {isa = PBXBuildFile; fileRef = 1906C80522D1B098007CD0D4 /* FCS_Mock_Season_CreatorTests.swift */; };
		1906C81122D1B098007CD0D4 /* FCS_Mock_Season_CreatorUITests.swift in Sources */ = {isa = PBXBuildFile; fileRef = 1906C81022D1B098007CD0D4 /* FCS_Mock_Season_CreatorUITests.swift */; };
		1906C81F22D2CA07007CD0D4 /* ConferenceGamesTableViewController.swift in Sources */ = {isa = PBXBuildFile; fileRef = 1906C81E22D2CA07007CD0D4 /* ConferenceGamesTableViewController.swift */; };
		1906C82222D2CC3E007CD0D4 /* ConferencesTableViewController.swift in Sources */ = {isa = PBXBuildFile; fileRef = 1906C82122D2CC3E007CD0D4 /* ConferencesTableViewController.swift */; };
		1906C82522D2CF81007CD0D4 /* ConferencesTableViewCell.swift in Sources */ = {isa = PBXBuildFile; fileRef = 1906C82422D2CF81007CD0D4 /* ConferencesTableViewCell.swift */; };
		1906C82722D2D14A007CD0D4 /* ConferenceOptions.swift in Sources */ = {isa = PBXBuildFile; fileRef = 1906C82622D2D14A007CD0D4 /* ConferenceOptions.swift */; };
		1906C82922D2E9F0007CD0D4 /* ConferenceGamesTableViewCell.swift in Sources */ = {isa = PBXBuildFile; fileRef = 1906C82822D2E9F0007CD0D4 /* ConferenceGamesTableViewCell.swift */; };
		1906C82B22D2EF56007CD0D4 /* GameMO.swift in Sources */ = {isa = PBXBuildFile; fileRef = 1906C82A22D2EF56007CD0D4 /* GameMO.swift */; };
		1906C82E22D81E0A007CD0D4 /* OverallFCSResultsViewController.swift in Sources */ = {isa = PBXBuildFile; fileRef = 1906C82D22D81E0A007CD0D4 /* OverallFCSResultsViewController.swift */; };
		1906C83322D827DA007CD0D4 /* OverallFCSResultsCardController.swift in Sources */ = {isa = PBXBuildFile; fileRef = 1906C83222D827DA007CD0D4 /* OverallFCSResultsCardController.swift */; };
		1906C83522D82F75007CD0D4 /* TeamResultsData.swift in Sources */ = {isa = PBXBuildFile; fileRef = 1906C83422D82F75007CD0D4 /* TeamResultsData.swift */; };
		1906C83722D84A10007CD0D4 /* ConferenceResultsData.swift in Sources */ = {isa = PBXBuildFile; fileRef = 1906C83622D84A10007CD0D4 /* ConferenceResultsData.swift */; };
		1906C83922D84CCA007CD0D4 /* Conference.swift in Sources */ = {isa = PBXBuildFile; fileRef = 1906C83822D84CCA007CD0D4 /* Conference.swift */; };
		1906C83B22D84CFB007CD0D4 /* Team.swift in Sources */ = {isa = PBXBuildFile; fileRef = 1906C83A22D84CFB007CD0D4 /* Team.swift */; };
		1906C83D22D84F55007CD0D4 /* TeamsByConferenceOption.swift in Sources */ = {isa = PBXBuildFile; fileRef = 1906C83C22D84F55007CD0D4 /* TeamsByConferenceOption.swift */; };
		1906C83F22D8D538007CD0D4 /* ConferenceSeasonResult.swift in Sources */ = {isa = PBXBuildFile; fileRef = 1906C83E22D8D538007CD0D4 /* ConferenceSeasonResult.swift */; };
		1906C84122D8D94A007CD0D4 /* Record.swift in Sources */ = {isa = PBXBuildFile; fileRef = 1906C84022D8D94A007CD0D4 /* Record.swift */; };
		1906C84322D8F9CD007CD0D4 /* FCSSeasonResult.swift in Sources */ = {isa = PBXBuildFile; fileRef = 1906C84222D8F9CD007CD0D4 /* FCSSeasonResult.swift */; };
		1906C84E22DA39A4007CD0D4 /* EndPointType.swift in Sources */ = {isa = PBXBuildFile; fileRef = 1906C84D22DA39A4007CD0D4 /* EndPointType.swift */; };
		1906C85022DA3A1A007CD0D4 /* HTTPMethod.swift in Sources */ = {isa = PBXBuildFile; fileRef = 1906C84F22DA3A1A007CD0D4 /* HTTPMethod.swift */; };
		1906C85222DA3A5B007CD0D4 /* HTTPTask.swift in Sources */ = {isa = PBXBuildFile; fileRef = 1906C85122DA3A5B007CD0D4 /* HTTPTask.swift */; };
		1906C85422DA3AF1007CD0D4 /* ParameterEncoding.swift in Sources */ = {isa = PBXBuildFile; fileRef = 1906C85322DA3AF1007CD0D4 /* ParameterEncoding.swift */; };
		1906C85622DA4FDD007CD0D4 /* NetworkError.swift in Sources */ = {isa = PBXBuildFile; fileRef = 1906C85522DA4FDD007CD0D4 /* NetworkError.swift */; };
		1906C85822DA5024007CD0D4 /* URLParameterEncoder.swift in Sources */ = {isa = PBXBuildFile; fileRef = 1906C85722DA5024007CD0D4 /* URLParameterEncoder.swift */; };
		1906C85A22DA5230007CD0D4 /* JSONParameterEncoder.swift in Sources */ = {isa = PBXBuildFile; fileRef = 1906C85922DA5230007CD0D4 /* JSONParameterEncoder.swift */; };
		1906C85C22DA530D007CD0D4 /* NetworkRouter.swift in Sources */ = {isa = PBXBuildFile; fileRef = 1906C85B22DA530D007CD0D4 /* NetworkRouter.swift */; };
		1906C85E22DA5417007CD0D4 /* Router.swift in Sources */ = {isa = PBXBuildFile; fileRef = 1906C85D22DA5417007CD0D4 /* Router.swift */; };
		1906C86422DAC2E8007CD0D4 /* NetworkManager.swift in Sources */ = {isa = PBXBuildFile; fileRef = 1906C86322DAC2E8007CD0D4 /* NetworkManager.swift */; };
		1906C86622DBC75B007CD0D4 /* ConferencesResultsViewController.swift in Sources */ = {isa = PBXBuildFile; fileRef = 1906C86522DBC75B007CD0D4 /* ConferencesResultsViewController.swift */; };
		1906C86A22DBC932007CD0D4 /* ConferenceResultsCardController.swift in Sources */ = {isa = PBXBuildFile; fileRef = 1906C86922DBC932007CD0D4 /* ConferenceResultsCardController.swift */; };
		1906C86C22DC036B007CD0D4 /* ResultsPageViewController.swift in Sources */ = {isa = PBXBuildFile; fileRef = 1906C86B22DC036B007CD0D4 /* ResultsPageViewController.swift */; };
		1906C86E22DE0992007CD0D4 /* TeamsByConferenceApi.swift in Sources */ = {isa = PBXBuildFile; fileRef = 1906C86D22DE0992007CD0D4 /* TeamsByConferenceApi.swift */; };
		1906C87022DE0BB9007CD0D4 /* TeamsByConferenceModel.swift in Sources */ = {isa = PBXBuildFile; fileRef = 1906C86F22DE0BB9007CD0D4 /* TeamsByConferenceModel.swift */; };
		1906C87422DE0ED9007CD0D4 /* TeamsByConferenceNetworkManager.swift in Sources */ = {isa = PBXBuildFile; fileRef = 1906C87322DE0ED9007CD0D4 /* TeamsByConferenceNetworkManager.swift */; };
		1906C87622DEAEAA007CD0D4 /* ConferenceMO.swift in Sources */ = {isa = PBXBuildFile; fileRef = 1906C87522DEAEAA007CD0D4 /* ConferenceMO.swift */; };
		1906C87922DEB06A007CD0D4 /* TeamMO.swift in Sources */ = {isa = PBXBuildFile; fileRef = 1906C87822DEB06A007CD0D4 /* TeamMO.swift */; };
		1906C87D22DEB1CD007CD0D4 /* Game.swift in Sources */ = {isa = PBXBuildFile; fileRef = 1906C87C22DEB1CD007CD0D4 /* Game.swift */; };
		1906C87F22DEC449007CD0D4 /* DataModelManager.swift in Sources */ = {isa = PBXBuildFile; fileRef = 1906C87E22DEC449007CD0D4 /* DataModelManager.swift */; };
		1906C88122DF6297007CD0D4 /* Spinner.swift in Sources */ = {isa = PBXBuildFile; fileRef = 1906C88022DF6297007CD0D4 /* Spinner.swift */; };
		1906C88322E152F9007CD0D4 /* GamesApi.swift in Sources */ = {isa = PBXBuildFile; fileRef = 1906C88222E152F9007CD0D4 /* GamesApi.swift */; };
		1906C88522E1534D007CD0D4 /* GamesModel.swift in Sources */ = {isa = PBXBuildFile; fileRef = 1906C88422E1534D007CD0D4 /* GamesModel.swift */; };
		1906C88722E21FA1007CD0D4 /* GamesNetworkManager.swift in Sources */ = {isa = PBXBuildFile; fileRef = 1906C88622E21FA1007CD0D4 /* GamesNetworkManager.swift */; };
		528BCFF60D630AFA12291381 /* Pods_FCS_Mock_Season_Creator.framework in Frameworks */ = {isa = PBXBuildFile; fileRef = 1EE1124AA8755D3890D0DBE6 /* Pods_FCS_Mock_Season_Creator.framework */; };
		56FBDD6EA6F25962715F7B03 /* libPods-FCS Mock Season CreatorUITests.a in Frameworks */ = {isa = PBXBuildFile; fileRef = A1E02CAA473E05F58F785F8A /* libPods-FCS Mock Season CreatorUITests.a */; };
		7503583BF9F4A8A9606EE989 /* libPods-FCS Mock Season CreatorTests.a in Frameworks */ = {isa = PBXBuildFile; fileRef = 6EF0261113F1917FC249A8DD /* libPods-FCS Mock Season CreatorTests.a */; };
/* End PBXBuildFile section */

/* Begin PBXContainerItemProxy section */
		1906C80222D1B098007CD0D4 /* PBXContainerItemProxy */ = {
			isa = PBXContainerItemProxy;
			containerPortal = 1906C7E222D1B097007CD0D4 /* Project object */;
			proxyType = 1;
			remoteGlobalIDString = 1906C7E922D1B097007CD0D4;
			remoteInfo = "FCS Mock Season Creator";
		};
		1906C80D22D1B098007CD0D4 /* PBXContainerItemProxy */ = {
			isa = PBXContainerItemProxy;
			containerPortal = 1906C7E222D1B097007CD0D4 /* Project object */;
			proxyType = 1;
			remoteGlobalIDString = 1906C7E922D1B097007CD0D4;
			remoteInfo = "FCS Mock Season Creator";
		};
/* End PBXContainerItemProxy section */

/* Begin PBXFileReference section */
		005C61658A425F55E5DA0BDB /* Pods-FCS Mock Season CreatorTests.debug.xcconfig */ = {isa = PBXFileReference; includeInIndex = 1; lastKnownFileType = text.xcconfig; name = "Pods-FCS Mock Season CreatorTests.debug.xcconfig"; path = "Target Support Files/Pods-FCS Mock Season CreatorTests/Pods-FCS Mock Season CreatorTests.debug.xcconfig"; sourceTree = "<group>"; };
		1906C7EA22D1B097007CD0D4 /* FCS Mock Season Creator.app */ = {isa = PBXFileReference; explicitFileType = wrapper.application; includeInIndex = 0; path = "FCS Mock Season Creator.app"; sourceTree = BUILT_PRODUCTS_DIR; };
		1906C7ED22D1B097007CD0D4 /* AppDelegate.swift */ = {isa = PBXFileReference; lastKnownFileType = sourcecode.swift; name = AppDelegate.swift; path = ../AppDelegate.swift; sourceTree = "<group>"; };
		1906C7EF22D1B097007CD0D4 /* LoginViewController.swift */ = {isa = PBXFileReference; lastKnownFileType = sourcecode.swift; path = LoginViewController.swift; sourceTree = "<group>"; };
		1906C7F222D1B097007CD0D4 /* Base */ = {isa = PBXFileReference; lastKnownFileType = file.storyboard; name = Base; path = Base.lproj/Main.storyboard; sourceTree = "<group>"; };
		1906C7F522D1B097007CD0D4 /* FCS_Mock_Season_Creator.xcdatamodel */ = {isa = PBXFileReference; lastKnownFileType = wrapper.xcdatamodel; path = FCS_Mock_Season_Creator.xcdatamodel; sourceTree = "<group>"; };
		1906C7F722D1B098007CD0D4 /* Assets.xcassets */ = {isa = PBXFileReference; lastKnownFileType = folder.assetcatalog; path = Assets.xcassets; sourceTree = "<group>"; };
		1906C7FA22D1B098007CD0D4 /* Base */ = {isa = PBXFileReference; lastKnownFileType = file.storyboard; name = Base; path = Base.lproj/LaunchScreen.storyboard; sourceTree = "<group>"; };
		1906C7FC22D1B098007CD0D4 /* Info.plist */ = {isa = PBXFileReference; lastKnownFileType = text.plist.xml; path = Info.plist; sourceTree = "<group>"; };
		1906C80122D1B098007CD0D4 /* FCS Mock Season CreatorTests.xctest */ = {isa = PBXFileReference; explicitFileType = wrapper.cfbundle; includeInIndex = 0; path = "FCS Mock Season CreatorTests.xctest"; sourceTree = BUILT_PRODUCTS_DIR; };
		1906C80522D1B098007CD0D4 /* FCS_Mock_Season_CreatorTests.swift */ = {isa = PBXFileReference; lastKnownFileType = sourcecode.swift; path = FCS_Mock_Season_CreatorTests.swift; sourceTree = "<group>"; };
		1906C80722D1B098007CD0D4 /* Info.plist */ = {isa = PBXFileReference; lastKnownFileType = text.plist.xml; path = Info.plist; sourceTree = "<group>"; };
		1906C80C22D1B098007CD0D4 /* FCS Mock Season CreatorUITests.xctest */ = {isa = PBXFileReference; explicitFileType = wrapper.cfbundle; includeInIndex = 0; path = "FCS Mock Season CreatorUITests.xctest"; sourceTree = BUILT_PRODUCTS_DIR; };
		1906C81022D1B098007CD0D4 /* FCS_Mock_Season_CreatorUITests.swift */ = {isa = PBXFileReference; lastKnownFileType = sourcecode.swift; path = FCS_Mock_Season_CreatorUITests.swift; sourceTree = "<group>"; };
		1906C81222D1B098007CD0D4 /* Info.plist */ = {isa = PBXFileReference; lastKnownFileType = text.plist.xml; path = Info.plist; sourceTree = "<group>"; };
		1906C81E22D2CA07007CD0D4 /* ConferenceGamesTableViewController.swift */ = {isa = PBXFileReference; lastKnownFileType = sourcecode.swift; path = ConferenceGamesTableViewController.swift; sourceTree = "<group>"; };
		1906C82122D2CC3E007CD0D4 /* ConferencesTableViewController.swift */ = {isa = PBXFileReference; lastKnownFileType = sourcecode.swift; path = ConferencesTableViewController.swift; sourceTree = "<group>"; };
		1906C82422D2CF81007CD0D4 /* ConferencesTableViewCell.swift */ = {isa = PBXFileReference; lastKnownFileType = sourcecode.swift; path = ConferencesTableViewCell.swift; sourceTree = "<group>"; };
		1906C82622D2D14A007CD0D4 /* ConferenceOptions.swift */ = {isa = PBXFileReference; lastKnownFileType = sourcecode.swift; path = ConferenceOptions.swift; sourceTree = "<group>"; };
		1906C82822D2E9F0007CD0D4 /* ConferenceGamesTableViewCell.swift */ = {isa = PBXFileReference; lastKnownFileType = sourcecode.swift; path = ConferenceGamesTableViewCell.swift; sourceTree = "<group>"; };
		1906C82A22D2EF56007CD0D4 /* GameMO.swift */ = {isa = PBXFileReference; lastKnownFileType = sourcecode.swift; path = GameMO.swift; sourceTree = "<group>"; };
		1906C82D22D81E0A007CD0D4 /* OverallFCSResultsViewController.swift */ = {isa = PBXFileReference; lastKnownFileType = sourcecode.swift; path = OverallFCSResultsViewController.swift; sourceTree = "<group>"; };
		1906C83222D827DA007CD0D4 /* OverallFCSResultsCardController.swift */ = {isa = PBXFileReference; lastKnownFileType = sourcecode.swift; path = OverallFCSResultsCardController.swift; sourceTree = "<group>"; };
		1906C83422D82F75007CD0D4 /* TeamResultsData.swift */ = {isa = PBXFileReference; lastKnownFileType = sourcecode.swift; path = TeamResultsData.swift; sourceTree = "<group>"; };
		1906C83622D84A10007CD0D4 /* ConferenceResultsData.swift */ = {isa = PBXFileReference; lastKnownFileType = sourcecode.swift; path = ConferenceResultsData.swift; sourceTree = "<group>"; };
		1906C83822D84CCA007CD0D4 /* Conference.swift */ = {isa = PBXFileReference; lastKnownFileType = sourcecode.swift; path = Conference.swift; sourceTree = "<group>"; };
		1906C83A22D84CFB007CD0D4 /* Team.swift */ = {isa = PBXFileReference; lastKnownFileType = sourcecode.swift; path = Team.swift; sourceTree = "<group>"; };
		1906C83C22D84F55007CD0D4 /* TeamsByConferenceOption.swift */ = {isa = PBXFileReference; lastKnownFileType = sourcecode.swift; path = TeamsByConferenceOption.swift; sourceTree = "<group>"; };
		1906C83E22D8D538007CD0D4 /* ConferenceSeasonResult.swift */ = {isa = PBXFileReference; lastKnownFileType = sourcecode.swift; path = ConferenceSeasonResult.swift; sourceTree = "<group>"; };
		1906C84022D8D94A007CD0D4 /* Record.swift */ = {isa = PBXFileReference; lastKnownFileType = sourcecode.swift; path = Record.swift; sourceTree = "<group>"; };
		1906C84222D8F9CD007CD0D4 /* FCSSeasonResult.swift */ = {isa = PBXFileReference; lastKnownFileType = sourcecode.swift; path = FCSSeasonResult.swift; sourceTree = "<group>"; };
		1906C84D22DA39A4007CD0D4 /* EndPointType.swift */ = {isa = PBXFileReference; lastKnownFileType = sourcecode.swift; path = EndPointType.swift; sourceTree = "<group>"; };
		1906C84F22DA3A1A007CD0D4 /* HTTPMethod.swift */ = {isa = PBXFileReference; lastKnownFileType = sourcecode.swift; path = HTTPMethod.swift; sourceTree = "<group>"; };
		1906C85122DA3A5B007CD0D4 /* HTTPTask.swift */ = {isa = PBXFileReference; lastKnownFileType = sourcecode.swift; path = HTTPTask.swift; sourceTree = "<group>"; };
		1906C85322DA3AF1007CD0D4 /* ParameterEncoding.swift */ = {isa = PBXFileReference; lastKnownFileType = sourcecode.swift; path = ParameterEncoding.swift; sourceTree = "<group>"; };
		1906C85522DA4FDD007CD0D4 /* NetworkError.swift */ = {isa = PBXFileReference; lastKnownFileType = sourcecode.swift; path = NetworkError.swift; sourceTree = "<group>"; };
		1906C85722DA5024007CD0D4 /* URLParameterEncoder.swift */ = {isa = PBXFileReference; lastKnownFileType = sourcecode.swift; path = URLParameterEncoder.swift; sourceTree = "<group>"; };
		1906C85922DA5230007CD0D4 /* JSONParameterEncoder.swift */ = {isa = PBXFileReference; lastKnownFileType = sourcecode.swift; path = JSONParameterEncoder.swift; sourceTree = "<group>"; };
		1906C85B22DA530D007CD0D4 /* NetworkRouter.swift */ = {isa = PBXFileReference; lastKnownFileType = sourcecode.swift; path = NetworkRouter.swift; sourceTree = "<group>"; };
		1906C85D22DA5417007CD0D4 /* Router.swift */ = {isa = PBXFileReference; lastKnownFileType = sourcecode.swift; path = Router.swift; sourceTree = "<group>"; };
		1906C86322DAC2E8007CD0D4 /* NetworkManager.swift */ = {isa = PBXFileReference; lastKnownFileType = sourcecode.swift; path = NetworkManager.swift; sourceTree = "<group>"; };
		1906C86522DBC75B007CD0D4 /* ConferencesResultsViewController.swift */ = {isa = PBXFileReference; lastKnownFileType = sourcecode.swift; path = ConferencesResultsViewController.swift; sourceTree = "<group>"; };
		1906C86922DBC932007CD0D4 /* ConferenceResultsCardController.swift */ = {isa = PBXFileReference; lastKnownFileType = sourcecode.swift; path = ConferenceResultsCardController.swift; sourceTree = "<group>"; };
		1906C86B22DC036B007CD0D4 /* ResultsPageViewController.swift */ = {isa = PBXFileReference; lastKnownFileType = sourcecode.swift; path = ResultsPageViewController.swift; sourceTree = "<group>"; };
		1906C86D22DE0992007CD0D4 /* TeamsByConferenceApi.swift */ = {isa = PBXFileReference; lastKnownFileType = sourcecode.swift; path = TeamsByConferenceApi.swift; sourceTree = "<group>"; };
		1906C86F22DE0BB9007CD0D4 /* TeamsByConferenceModel.swift */ = {isa = PBXFileReference; lastKnownFileType = sourcecode.swift; path = TeamsByConferenceModel.swift; sourceTree = "<group>"; };
		1906C87322DE0ED9007CD0D4 /* TeamsByConferenceNetworkManager.swift */ = {isa = PBXFileReference; lastKnownFileType = sourcecode.swift; path = TeamsByConferenceNetworkManager.swift; sourceTree = "<group>"; };
		1906C87522DEAEAA007CD0D4 /* ConferenceMO.swift */ = {isa = PBXFileReference; lastKnownFileType = sourcecode.swift; path = ConferenceMO.swift; sourceTree = "<group>"; };
		1906C87822DEB06A007CD0D4 /* TeamMO.swift */ = {isa = PBXFileReference; lastKnownFileType = sourcecode.swift; path = TeamMO.swift; sourceTree = "<group>"; };
		1906C87C22DEB1CD007CD0D4 /* Game.swift */ = {isa = PBXFileReference; lastKnownFileType = sourcecode.swift; path = Game.swift; sourceTree = "<group>"; };
		1906C87E22DEC449007CD0D4 /* DataModelManager.swift */ = {isa = PBXFileReference; lastKnownFileType = sourcecode.swift; path = DataModelManager.swift; sourceTree = "<group>"; };
		1906C88022DF6297007CD0D4 /* Spinner.swift */ = {isa = PBXFileReference; lastKnownFileType = sourcecode.swift; path = Spinner.swift; sourceTree = "<group>"; };
		1906C88222E152F9007CD0D4 /* GamesApi.swift */ = {isa = PBXFileReference; lastKnownFileType = sourcecode.swift; path = GamesApi.swift; sourceTree = "<group>"; };
		1906C88422E1534D007CD0D4 /* GamesModel.swift */ = {isa = PBXFileReference; lastKnownFileType = sourcecode.swift; path = GamesModel.swift; sourceTree = "<group>"; };
		1906C88622E21FA1007CD0D4 /* GamesNetworkManager.swift */ = {isa = PBXFileReference; lastKnownFileType = sourcecode.swift; path = GamesNetworkManager.swift; sourceTree = "<group>"; };
		1EE1124AA8755D3890D0DBE6 /* Pods_FCS_Mock_Season_Creator.framework */ = {isa = PBXFileReference; explicitFileType = wrapper.framework; includeInIndex = 0; path = Pods_FCS_Mock_Season_Creator.framework; sourceTree = BUILT_PRODUCTS_DIR; };
		4115BD9DFDE47937034BC5F4 /* Pods-FCS Mock Season CreatorTests.release.xcconfig */ = {isa = PBXFileReference; includeInIndex = 1; lastKnownFileType = text.xcconfig; name = "Pods-FCS Mock Season CreatorTests.release.xcconfig"; path = "Target Support Files/Pods-FCS Mock Season CreatorTests/Pods-FCS Mock Season CreatorTests.release.xcconfig"; sourceTree = "<group>"; };
		422F6A7D5D69406A23ABBEB6 /* Pods-FCS Mock Season Creator.debug.xcconfig */ = {isa = PBXFileReference; includeInIndex = 1; lastKnownFileType = text.xcconfig; name = "Pods-FCS Mock Season Creator.debug.xcconfig"; path = "Target Support Files/Pods-FCS Mock Season Creator/Pods-FCS Mock Season Creator.debug.xcconfig"; sourceTree = "<group>"; };
		6EF0261113F1917FC249A8DD /* libPods-FCS Mock Season CreatorTests.a */ = {isa = PBXFileReference; explicitFileType = archive.ar; includeInIndex = 0; path = "libPods-FCS Mock Season CreatorTests.a"; sourceTree = BUILT_PRODUCTS_DIR; };
		A1E02CAA473E05F58F785F8A /* libPods-FCS Mock Season CreatorUITests.a */ = {isa = PBXFileReference; explicitFileType = archive.ar; includeInIndex = 0; path = "libPods-FCS Mock Season CreatorUITests.a"; sourceTree = BUILT_PRODUCTS_DIR; };
		C74013DE263F15B8BAE7C113 /* Pods-FCS Mock Season Creator.release.xcconfig */ = {isa = PBXFileReference; includeInIndex = 1; lastKnownFileType = text.xcconfig; name = "Pods-FCS Mock Season Creator.release.xcconfig"; path = "Target Support Files/Pods-FCS Mock Season Creator/Pods-FCS Mock Season Creator.release.xcconfig"; sourceTree = "<group>"; };
		EA7B76FDF6993F164C9FA03E /* Pods-FCS Mock Season CreatorUITests.release.xcconfig */ = {isa = PBXFileReference; includeInIndex = 1; lastKnownFileType = text.xcconfig; name = "Pods-FCS Mock Season CreatorUITests.release.xcconfig"; path = "Target Support Files/Pods-FCS Mock Season CreatorUITests/Pods-FCS Mock Season CreatorUITests.release.xcconfig"; sourceTree = "<group>"; };
		FEFB1936A4BB6ABD8736C17F /* Pods-FCS Mock Season CreatorUITests.debug.xcconfig */ = {isa = PBXFileReference; includeInIndex = 1; lastKnownFileType = text.xcconfig; name = "Pods-FCS Mock Season CreatorUITests.debug.xcconfig"; path = "Target Support Files/Pods-FCS Mock Season CreatorUITests/Pods-FCS Mock Season CreatorUITests.debug.xcconfig"; sourceTree = "<group>"; };
/* End PBXFileReference section */

/* Begin PBXFrameworksBuildPhase section */
		1906C7E722D1B097007CD0D4 /* Frameworks */ = {
			isa = PBXFrameworksBuildPhase;
			buildActionMask = 2147483647;
			files = (
				528BCFF60D630AFA12291381 /* Pods_FCS_Mock_Season_Creator.framework in Frameworks */,
			);
			runOnlyForDeploymentPostprocessing = 0;
		};
		1906C7FE22D1B098007CD0D4 /* Frameworks */ = {
			isa = PBXFrameworksBuildPhase;
			buildActionMask = 2147483647;
			files = (
				7503583BF9F4A8A9606EE989 /* libPods-FCS Mock Season CreatorTests.a in Frameworks */,
			);
			runOnlyForDeploymentPostprocessing = 0;
		};
		1906C80922D1B098007CD0D4 /* Frameworks */ = {
			isa = PBXFrameworksBuildPhase;
			buildActionMask = 2147483647;
			files = (
				56FBDD6EA6F25962715F7B03 /* libPods-FCS Mock Season CreatorUITests.a in Frameworks */,
			);
			runOnlyForDeploymentPostprocessing = 0;
		};
/* End PBXFrameworksBuildPhase section */

/* Begin PBXGroup section */
		1906C7E122D1B097007CD0D4 = {
			isa = PBXGroup;
			children = (
				1906C7EC22D1B097007CD0D4 /* FCS Mock Season Creator */,
				1906C80422D1B098007CD0D4 /* FCS Mock Season CreatorTests */,
				1906C80F22D1B098007CD0D4 /* FCS Mock Season CreatorUITests */,
				1906C7EB22D1B097007CD0D4 /* Products */,
				C9C6CD7652B6F0F832D51613 /* Pods */,
				87F1DE71854C5180AA961CD4 /* Frameworks */,
			);
			sourceTree = "<group>";
		};
		1906C7EB22D1B097007CD0D4 /* Products */ = {
			isa = PBXGroup;
			children = (
				1906C7EA22D1B097007CD0D4 /* FCS Mock Season Creator.app */,
				1906C80122D1B098007CD0D4 /* FCS Mock Season CreatorTests.xctest */,
				1906C80C22D1B098007CD0D4 /* FCS Mock Season CreatorUITests.xctest */,
			);
			name = Products;
			sourceTree = "<group>";
		};
		1906C7EC22D1B097007CD0D4 /* FCS Mock Season Creator */ = {
			isa = PBXGroup;
			children = (
				1906C84422DA3864007CD0D4 /* NetworkLayer */,
				1906C82322D2CF32007CD0D4 /* Resources */,
				1906C7F122D1B097007CD0D4 /* Main.storyboard */,
				1906C7F922D1B098007CD0D4 /* LaunchScreen.storyboard */,
				1906C7F722D1B098007CD0D4 /* Assets.xcassets */,
				1906C7FC22D1B098007CD0D4 /* Info.plist */,
				1906C7F422D1B097007CD0D4 /* FCS_Mock_Season_Creator.xcdatamodeld */,
			);
			path = "FCS Mock Season Creator";
			sourceTree = "<group>";
		};
		1906C80422D1B098007CD0D4 /* FCS Mock Season CreatorTests */ = {
			isa = PBXGroup;
			children = (
				1906C80522D1B098007CD0D4 /* FCS_Mock_Season_CreatorTests.swift */,
				1906C80722D1B098007CD0D4 /* Info.plist */,
			);
			path = "FCS Mock Season CreatorTests";
			sourceTree = "<group>";
		};
		1906C80F22D1B098007CD0D4 /* FCS Mock Season CreatorUITests */ = {
			isa = PBXGroup;
			children = (
				1906C81022D1B098007CD0D4 /* FCS_Mock_Season_CreatorUITests.swift */,
				1906C81222D1B098007CD0D4 /* Info.plist */,
			);
			path = "FCS Mock Season CreatorUITests";
			sourceTree = "<group>";
		};
		1906C82022D2CC19007CD0D4 /* ViewControllers */ = {
			isa = PBXGroup;
			children = (
				1906C7EF22D1B097007CD0D4 /* LoginViewController.swift */,
				1906C82122D2CC3E007CD0D4 /* ConferencesTableViewController.swift */,
				1906C81E22D2CA07007CD0D4 /* ConferenceGamesTableViewController.swift */,
				1906C82D22D81E0A007CD0D4 /* OverallFCSResultsViewController.swift */,
				1906C83222D827DA007CD0D4 /* OverallFCSResultsCardController.swift */,
				1906C86522DBC75B007CD0D4 /* ConferencesResultsViewController.swift */,
				1906C86922DBC932007CD0D4 /* ConferenceResultsCardController.swift */,
				1906C86B22DC036B007CD0D4 /* ResultsPageViewController.swift */,
			);
			path = ViewControllers;
			sourceTree = "<group>";
		};
		1906C82322D2CF32007CD0D4 /* Resources */ = {
			isa = PBXGroup;
			children = (
				1906C7ED22D1B097007CD0D4 /* AppDelegate.swift */,
				1906C88022DF6297007CD0D4 /* Spinner.swift */,
				1906C87B22DEB18F007CD0D4 /* Model */,
				1906C87A22DEB119007CD0D4 /* ViewCells */,
				1906C82022D2CC19007CD0D4 /* ViewControllers */,
				1906C87722DEAFAE007CD0D4 /* ManagedObjects */,
				1906C83422D82F75007CD0D4 /* TeamResultsData.swift */,
				1906C83622D84A10007CD0D4 /* ConferenceResultsData.swift */,
				1906C83E22D8D538007CD0D4 /* ConferenceSeasonResult.swift */,
				1906C83C22D84F55007CD0D4 /* TeamsByConferenceOption.swift */,
				1906C84222D8F9CD007CD0D4 /* FCSSeasonResult.swift */,
				1906C87E22DEC449007CD0D4 /* DataModelManager.swift */,
			);
			path = Resources;
			sourceTree = "<group>";
		};
		1906C84422DA3864007CD0D4 /* NetworkLayer */ = {
			isa = PBXGroup;
			children = (
				1906C84622DA38D8007CD0D4 /* Model */,
				1906C84822DA3906007CD0D4 /* Networking */,
			);
			path = NetworkLayer;
			sourceTree = "<group>";
		};
		1906C84622DA38D8007CD0D4 /* Model */ = {
			isa = PBXGroup;
			children = (
				1906C86F22DE0BB9007CD0D4 /* TeamsByConferenceModel.swift */,
				1906C88422E1534D007CD0D4 /* GamesModel.swift */,
			);
			path = Model;
			sourceTree = "<group>";
		};
		1906C84822DA3906007CD0D4 /* Networking */ = {
			isa = PBXGroup;
			children = (
				1906C84C22DA3940007CD0D4 /* EndPoint */,
				1906C84B22DA393B007CD0D4 /* Manager */,
				1906C84A22DA3935007CD0D4 /* Service */,
				1906C84922DA3930007CD0D4 /* Encoding */,
			);
			path = Networking;
			sourceTree = "<group>";
		};
		1906C84922DA3930007CD0D4 /* Encoding */ = {
			isa = PBXGroup;
			children = (
				1906C85322DA3AF1007CD0D4 /* ParameterEncoding.swift */,
				1906C85522DA4FDD007CD0D4 /* NetworkError.swift */,
				1906C85722DA5024007CD0D4 /* URLParameterEncoder.swift */,
				1906C85922DA5230007CD0D4 /* JSONParameterEncoder.swift */,
			);
			path = Encoding;
			sourceTree = "<group>";
		};
		1906C84A22DA3935007CD0D4 /* Service */ = {
			isa = PBXGroup;
			children = (
				1906C84D22DA39A4007CD0D4 /* EndPointType.swift */,
				1906C84F22DA3A1A007CD0D4 /* HTTPMethod.swift */,
				1906C85122DA3A5B007CD0D4 /* HTTPTask.swift */,
				1906C85B22DA530D007CD0D4 /* NetworkRouter.swift */,
				1906C85D22DA5417007CD0D4 /* Router.swift */,
			);
			path = Service;
			sourceTree = "<group>";
		};
		1906C84B22DA393B007CD0D4 /* Manager */ = {
			isa = PBXGroup;
			children = (
				1906C86322DAC2E8007CD0D4 /* NetworkManager.swift */,
				1906C87322DE0ED9007CD0D4 /* TeamsByConferenceNetworkManager.swift */,
				1906C88622E21FA1007CD0D4 /* GamesNetworkManager.swift */,
			);
			path = Manager;
			sourceTree = "<group>";
		};
		1906C84C22DA3940007CD0D4 /* EndPoint */ = {
			isa = PBXGroup;
			children = (
				1906C86D22DE0992007CD0D4 /* TeamsByConferenceApi.swift */,
				1906C88222E152F9007CD0D4 /* GamesApi.swift */,
			);
			path = EndPoint;
			sourceTree = "<group>";
		};
		1906C87722DEAFAE007CD0D4 /* ManagedObjects */ = {
			isa = PBXGroup;
			children = (
				1906C82A22D2EF56007CD0D4 /* GameMO.swift */,
				1906C87822DEB06A007CD0D4 /* TeamMO.swift */,
				1906C87522DEAEAA007CD0D4 /* ConferenceMO.swift */,
			);
			path = ManagedObjects;
			sourceTree = "<group>";
		};
		1906C87A22DEB119007CD0D4 /* ViewCells */ = {
			isa = PBXGroup;
			children = (
				1906C82822D2E9F0007CD0D4 /* ConferenceGamesTableViewCell.swift */,
				1906C82422D2CF81007CD0D4 /* ConferencesTableViewCell.swift */,
			);
			path = ViewCells;
			sourceTree = "<group>";
		};
		1906C87B22DEB18F007CD0D4 /* Model */ = {
			isa = PBXGroup;
			children = (
				1906C87C22DEB1CD007CD0D4 /* Game.swift */,
				1906C83A22D84CFB007CD0D4 /* Team.swift */,
				1906C83822D84CCA007CD0D4 /* Conference.swift */,
				1906C82622D2D14A007CD0D4 /* ConferenceOptions.swift */,
				1906C84022D8D94A007CD0D4 /* Record.swift */,
			);
			path = Model;
			sourceTree = "<group>";
		};
		87F1DE71854C5180AA961CD4 /* Frameworks */ = {
			isa = PBXGroup;
			children = (
				1EE1124AA8755D3890D0DBE6 /* Pods_FCS_Mock_Season_Creator.framework */,
				6EF0261113F1917FC249A8DD /* libPods-FCS Mock Season CreatorTests.a */,
				A1E02CAA473E05F58F785F8A /* libPods-FCS Mock Season CreatorUITests.a */,
			);
			name = Frameworks;
			sourceTree = "<group>";
		};
		C9C6CD7652B6F0F832D51613 /* Pods */ = {
			isa = PBXGroup;
			children = (
				422F6A7D5D69406A23ABBEB6 /* Pods-FCS Mock Season Creator.debug.xcconfig */,
				C74013DE263F15B8BAE7C113 /* Pods-FCS Mock Season Creator.release.xcconfig */,
				005C61658A425F55E5DA0BDB /* Pods-FCS Mock Season CreatorTests.debug.xcconfig */,
				4115BD9DFDE47937034BC5F4 /* Pods-FCS Mock Season CreatorTests.release.xcconfig */,
				FEFB1936A4BB6ABD8736C17F /* Pods-FCS Mock Season CreatorUITests.debug.xcconfig */,
				EA7B76FDF6993F164C9FA03E /* Pods-FCS Mock Season CreatorUITests.release.xcconfig */,
			);
			path = Pods;
			sourceTree = "<group>";
		};
/* End PBXGroup section */

/* Begin PBXNativeTarget section */
		1906C7E922D1B097007CD0D4 /* FCS Mock Season Creator */ = {
			isa = PBXNativeTarget;
			buildConfigurationList = 1906C81522D1B098007CD0D4 /* Build configuration list for PBXNativeTarget "FCS Mock Season Creator" */;
			buildPhases = (
				75AA1AA373CB5057C43A98AE /* [CP] Check Pods Manifest.lock */,
				1906C7E622D1B097007CD0D4 /* Sources */,
				1906C7E722D1B097007CD0D4 /* Frameworks */,
				1906C7E822D1B097007CD0D4 /* Resources */,
				32ED7F197333D5F579CB96EF /* [CP] Embed Pods Frameworks */,
			);
			buildRules = (
			);
			dependencies = (
			);
			name = "FCS Mock Season Creator";
			productName = "FCS Mock Season Creator";
			productReference = 1906C7EA22D1B097007CD0D4 /* FCS Mock Season Creator.app */;
			productType = "com.apple.product-type.application";
		};
		1906C80022D1B098007CD0D4 /* FCS Mock Season CreatorTests */ = {
			isa = PBXNativeTarget;
			buildConfigurationList = 1906C81822D1B098007CD0D4 /* Build configuration list for PBXNativeTarget "FCS Mock Season CreatorTests" */;
			buildPhases = (
				1F78251CEF49BF4CF003C932 /* [CP] Check Pods Manifest.lock */,
				1906C7FD22D1B098007CD0D4 /* Sources */,
				1906C7FE22D1B098007CD0D4 /* Frameworks */,
				1906C7FF22D1B098007CD0D4 /* Resources */,
			);
			buildRules = (
			);
			dependencies = (
				1906C80322D1B098007CD0D4 /* PBXTargetDependency */,
			);
			name = "FCS Mock Season CreatorTests";
			productName = "FCS Mock Season CreatorTests";
			productReference = 1906C80122D1B098007CD0D4 /* FCS Mock Season CreatorTests.xctest */;
			productType = "com.apple.product-type.bundle.unit-test";
		};
		1906C80B22D1B098007CD0D4 /* FCS Mock Season CreatorUITests */ = {
			isa = PBXNativeTarget;
			buildConfigurationList = 1906C81B22D1B098007CD0D4 /* Build configuration list for PBXNativeTarget "FCS Mock Season CreatorUITests" */;
			buildPhases = (
				C5D79B8B62E968CBDB2C9A50 /* [CP] Check Pods Manifest.lock */,
				1906C80822D1B098007CD0D4 /* Sources */,
				1906C80922D1B098007CD0D4 /* Frameworks */,
				1906C80A22D1B098007CD0D4 /* Resources */,
			);
			buildRules = (
			);
			dependencies = (
				1906C80E22D1B098007CD0D4 /* PBXTargetDependency */,
			);
			name = "FCS Mock Season CreatorUITests";
			productName = "FCS Mock Season CreatorUITests";
			productReference = 1906C80C22D1B098007CD0D4 /* FCS Mock Season CreatorUITests.xctest */;
			productType = "com.apple.product-type.bundle.ui-testing";
		};
/* End PBXNativeTarget section */

/* Begin PBXProject section */
		1906C7E222D1B097007CD0D4 /* Project object */ = {
			isa = PBXProject;
			attributes = {
				LastSwiftUpdateCheck = 1020;
				LastUpgradeCheck = 1020;
				ORGANIZATIONNAME = "Tyler Cheek";
				TargetAttributes = {
					1906C7E922D1B097007CD0D4 = {
						CreatedOnToolsVersion = 10.2.1;
					};
					1906C80022D1B098007CD0D4 = {
						CreatedOnToolsVersion = 10.2.1;
						TestTargetID = 1906C7E922D1B097007CD0D4;
					};
					1906C80B22D1B098007CD0D4 = {
						CreatedOnToolsVersion = 10.2.1;
						TestTargetID = 1906C7E922D1B097007CD0D4;
					};
				};
			};
			buildConfigurationList = 1906C7E522D1B097007CD0D4 /* Build configuration list for PBXProject "FCS Mock Season Creator" */;
			compatibilityVersion = "Xcode 9.3";
			developmentRegion = en;
			hasScannedForEncodings = 0;
			knownRegions = (
				en,
				Base,
			);
			mainGroup = 1906C7E122D1B097007CD0D4;
			productRefGroup = 1906C7EB22D1B097007CD0D4 /* Products */;
			projectDirPath = "";
			projectRoot = "";
			targets = (
				1906C7E922D1B097007CD0D4 /* FCS Mock Season Creator */,
				1906C80022D1B098007CD0D4 /* FCS Mock Season CreatorTests */,
				1906C80B22D1B098007CD0D4 /* FCS Mock Season CreatorUITests */,
			);
		};
/* End PBXProject section */

/* Begin PBXResourcesBuildPhase section */
		1906C7E822D1B097007CD0D4 /* Resources */ = {
			isa = PBXResourcesBuildPhase;
			buildActionMask = 2147483647;
			files = (
				1906C7FB22D1B098007CD0D4 /* LaunchScreen.storyboard in Resources */,
				1906C7F822D1B098007CD0D4 /* Assets.xcassets in Resources */,
				1906C7F322D1B097007CD0D4 /* Main.storyboard in Resources */,
			);
			runOnlyForDeploymentPostprocessing = 0;
		};
		1906C7FF22D1B098007CD0D4 /* Resources */ = {
			isa = PBXResourcesBuildPhase;
			buildActionMask = 2147483647;
			files = (
			);
			runOnlyForDeploymentPostprocessing = 0;
		};
		1906C80A22D1B098007CD0D4 /* Resources */ = {
			isa = PBXResourcesBuildPhase;
			buildActionMask = 2147483647;
			files = (
			);
			runOnlyForDeploymentPostprocessing = 0;
		};
/* End PBXResourcesBuildPhase section */

/* Begin PBXShellScriptBuildPhase section */
		1F78251CEF49BF4CF003C932 /* [CP] Check Pods Manifest.lock */ = {
			isa = PBXShellScriptBuildPhase;
			buildActionMask = 2147483647;
			files = (
			);
			inputFileListPaths = (
			);
			inputPaths = (
				"${PODS_PODFILE_DIR_PATH}/Podfile.lock",
				"${PODS_ROOT}/Manifest.lock",
			);
			name = "[CP] Check Pods Manifest.lock";
			outputFileListPaths = (
			);
			outputPaths = (
				"$(DERIVED_FILE_DIR)/Pods-FCS Mock Season CreatorTests-checkManifestLockResult.txt",
			);
			runOnlyForDeploymentPostprocessing = 0;
			shellPath = /bin/sh;
			shellScript = "diff \"${PODS_PODFILE_DIR_PATH}/Podfile.lock\" \"${PODS_ROOT}/Manifest.lock\" > /dev/null\nif [ $? != 0 ] ; then\n    # print error to STDERR\n    echo \"error: The sandbox is not in sync with the Podfile.lock. Run 'pod install' or update your CocoaPods installation.\" >&2\n    exit 1\nfi\n# This output is used by Xcode 'outputs' to avoid re-running this script phase.\necho \"SUCCESS\" > \"${SCRIPT_OUTPUT_FILE_0}\"\n";
			showEnvVarsInLog = 0;
		};
		32ED7F197333D5F579CB96EF /* [CP] Embed Pods Frameworks */ = {
			isa = PBXShellScriptBuildPhase;
			buildActionMask = 2147483647;
			files = (
			);
			inputFileListPaths = (
				"${PODS_ROOT}/Target Support Files/Pods-FCS Mock Season Creator/Pods-FCS Mock Season Creator-frameworks-${CONFIGURATION}-input-files.xcfilelist",
			);
			name = "[CP] Embed Pods Frameworks";
			outputFileListPaths = (
				"${PODS_ROOT}/Target Support Files/Pods-FCS Mock Season Creator/Pods-FCS Mock Season Creator-frameworks-${CONFIGURATION}-output-files.xcfilelist",
			);
			runOnlyForDeploymentPostprocessing = 0;
			shellPath = /bin/sh;
			shellScript = "\"${PODS_ROOT}/Target Support Files/Pods-FCS Mock Season Creator/Pods-FCS Mock Season Creator-frameworks.sh\"\n";
			showEnvVarsInLog = 0;
		};
		75AA1AA373CB5057C43A98AE /* [CP] Check Pods Manifest.lock */ = {
			isa = PBXShellScriptBuildPhase;
			buildActionMask = 2147483647;
			files = (
			);
			inputFileListPaths = (
			);
			inputPaths = (
				"${PODS_PODFILE_DIR_PATH}/Podfile.lock",
				"${PODS_ROOT}/Manifest.lock",
			);
			name = "[CP] Check Pods Manifest.lock";
			outputFileListPaths = (
			);
			outputPaths = (
				"$(DERIVED_FILE_DIR)/Pods-FCS Mock Season Creator-checkManifestLockResult.txt",
			);
			runOnlyForDeploymentPostprocessing = 0;
			shellPath = /bin/sh;
			shellScript = "diff \"${PODS_PODFILE_DIR_PATH}/Podfile.lock\" \"${PODS_ROOT}/Manifest.lock\" > /dev/null\nif [ $? != 0 ] ; then\n    # print error to STDERR\n    echo \"error: The sandbox is not in sync with the Podfile.lock. Run 'pod install' or update your CocoaPods installation.\" >&2\n    exit 1\nfi\n# This output is used by Xcode 'outputs' to avoid re-running this script phase.\necho \"SUCCESS\" > \"${SCRIPT_OUTPUT_FILE_0}\"\n";
			showEnvVarsInLog = 0;
		};
		C5D79B8B62E968CBDB2C9A50 /* [CP] Check Pods Manifest.lock */ = {
			isa = PBXShellScriptBuildPhase;
			buildActionMask = 2147483647;
			files = (
			);
			inputFileListPaths = (
			);
			inputPaths = (
				"${PODS_PODFILE_DIR_PATH}/Podfile.lock",
				"${PODS_ROOT}/Manifest.lock",
			);
			name = "[CP] Check Pods Manifest.lock";
			outputFileListPaths = (
			);
			outputPaths = (
				"$(DERIVED_FILE_DIR)/Pods-FCS Mock Season CreatorUITests-checkManifestLockResult.txt",
			);
			runOnlyForDeploymentPostprocessing = 0;
			shellPath = /bin/sh;
			shellScript = "diff \"${PODS_PODFILE_DIR_PATH}/Podfile.lock\" \"${PODS_ROOT}/Manifest.lock\" > /dev/null\nif [ $? != 0 ] ; then\n    # print error to STDERR\n    echo \"error: The sandbox is not in sync with the Podfile.lock. Run 'pod install' or update your CocoaPods installation.\" >&2\n    exit 1\nfi\n# This output is used by Xcode 'outputs' to avoid re-running this script phase.\necho \"SUCCESS\" > \"${SCRIPT_OUTPUT_FILE_0}\"\n";
			showEnvVarsInLog = 0;
		};
/* End PBXShellScriptBuildPhase section */

/* Begin PBXSourcesBuildPhase section */
		1906C7E622D1B097007CD0D4 /* Sources */ = {
			isa = PBXSourcesBuildPhase;
			buildActionMask = 2147483647;
			files = (
				1906C85422DA3AF1007CD0D4 /* ParameterEncoding.swift in Sources */,
				1906C7F022D1B097007CD0D4 /* LoginViewController.swift in Sources */,
				1906C82B22D2EF56007CD0D4 /* GameMO.swift in Sources */,
				1906C85022DA3A1A007CD0D4 /* HTTPMethod.swift in Sources */,
				1906C87922DEB06A007CD0D4 /* TeamMO.swift in Sources */,
				1906C85A22DA5230007CD0D4 /* JSONParameterEncoder.swift in Sources */,
				1906C84122D8D94A007CD0D4 /* Record.swift in Sources */,
				1906C7EE22D1B097007CD0D4 /* AppDelegate.swift in Sources */,
				1906C83B22D84CFB007CD0D4 /* Team.swift in Sources */,
				1906C83922D84CCA007CD0D4 /* Conference.swift in Sources */,
				1906C87622DEAEAA007CD0D4 /* ConferenceMO.swift in Sources */,
				1906C83522D82F75007CD0D4 /* TeamResultsData.swift in Sources */,
				1906C85622DA4FDD007CD0D4 /* NetworkError.swift in Sources */,
				1906C87F22DEC449007CD0D4 /* DataModelManager.swift in Sources */,
				1906C86E22DE0992007CD0D4 /* TeamsByConferenceApi.swift in Sources */,
				1906C83322D827DA007CD0D4 /* OverallFCSResultsCardController.swift in Sources */,
				1906C84E22DA39A4007CD0D4 /* EndPointType.swift in Sources */,
				1906C83D22D84F55007CD0D4 /* TeamsByConferenceOption.swift in Sources */,
				1906C85822DA5024007CD0D4 /* URLParameterEncoder.swift in Sources */,
				1906C83F22D8D538007CD0D4 /* ConferenceSeasonResult.swift in Sources */,
				1906C86422DAC2E8007CD0D4 /* NetworkManager.swift in Sources */,
				1906C82E22D81E0A007CD0D4 /* OverallFCSResultsViewController.swift in Sources */,
				1906C83722D84A10007CD0D4 /* ConferenceResultsData.swift in Sources */,
				1906C88522E1534D007CD0D4 /* GamesModel.swift in Sources */,
				1906C81F22D2CA07007CD0D4 /* ConferenceGamesTableViewController.swift in Sources */,
				1906C84322D8F9CD007CD0D4 /* FCSSeasonResult.swift in Sources */,
				1906C82722D2D14A007CD0D4 /* ConferenceOptions.swift in Sources */,
				1906C82922D2E9F0007CD0D4 /* ConferenceGamesTableViewCell.swift in Sources */,
				1906C85222DA3A5B007CD0D4 /* HTTPTask.swift in Sources */,
				1906C88122DF6297007CD0D4 /* Spinner.swift in Sources */,
				1906C86C22DC036B007CD0D4 /* ResultsPageViewController.swift in Sources */,
				1906C88322E152F9007CD0D4 /* GamesApi.swift in Sources */,
				1906C82522D2CF81007CD0D4 /* ConferencesTableViewCell.swift in Sources */,
				1906C85E22DA5417007CD0D4 /* Router.swift in Sources */,
				1906C86A22DBC932007CD0D4 /* ConferenceResultsCardController.swift in Sources */,
				1906C87422DE0ED9007CD0D4 /* TeamsByConferenceNetworkManager.swift in Sources */,
				1906C7F622D1B097007CD0D4 /* FCS_Mock_Season_Creator.xcdatamodeld in Sources */,
				1906C87D22DEB1CD007CD0D4 /* Game.swift in Sources */,
				1906C88722E21FA1007CD0D4 /* GamesNetworkManager.swift in Sources */,
				1906C86622DBC75B007CD0D4 /* ConferencesResultsViewController.swift in Sources */,
				1906C87022DE0BB9007CD0D4 /* TeamsByConferenceModel.swift in Sources */,
				1906C82222D2CC3E007CD0D4 /* ConferencesTableViewController.swift in Sources */,
				1906C85C22DA530D007CD0D4 /* NetworkRouter.swift in Sources */,
			);
			runOnlyForDeploymentPostprocessing = 0;
		};
		1906C7FD22D1B098007CD0D4 /* Sources */ = {
			isa = PBXSourcesBuildPhase;
			buildActionMask = 2147483647;
			files = (
				1906C80622D1B098007CD0D4 /* FCS_Mock_Season_CreatorTests.swift in Sources */,
			);
			runOnlyForDeploymentPostprocessing = 0;
		};
		1906C80822D1B098007CD0D4 /* Sources */ = {
			isa = PBXSourcesBuildPhase;
			buildActionMask = 2147483647;
			files = (
				1906C81122D1B098007CD0D4 /* FCS_Mock_Season_CreatorUITests.swift in Sources */,
			);
			runOnlyForDeploymentPostprocessing = 0;
		};
/* End PBXSourcesBuildPhase section */

/* Begin PBXTargetDependency section */
		1906C80322D1B098007CD0D4 /* PBXTargetDependency */ = {
			isa = PBXTargetDependency;
			target = 1906C7E922D1B097007CD0D4 /* FCS Mock Season Creator */;
			targetProxy = 1906C80222D1B098007CD0D4 /* PBXContainerItemProxy */;
		};
		1906C80E22D1B098007CD0D4 /* PBXTargetDependency */ = {
			isa = PBXTargetDependency;
			target = 1906C7E922D1B097007CD0D4 /* FCS Mock Season Creator */;
			targetProxy = 1906C80D22D1B098007CD0D4 /* PBXContainerItemProxy */;
		};
/* End PBXTargetDependency section */

/* Begin PBXVariantGroup section */
		1906C7F122D1B097007CD0D4 /* Main.storyboard */ = {
			isa = PBXVariantGroup;
			children = (
				1906C7F222D1B097007CD0D4 /* Base */,
			);
			name = Main.storyboard;
			sourceTree = "<group>";
		};
		1906C7F922D1B098007CD0D4 /* LaunchScreen.storyboard */ = {
			isa = PBXVariantGroup;
			children = (
				1906C7FA22D1B098007CD0D4 /* Base */,
			);
			name = LaunchScreen.storyboard;
			sourceTree = "<group>";
		};
/* End PBXVariantGroup section */

/* Begin XCBuildConfiguration section */
		1906C81322D1B098007CD0D4 /* Debug */ = {
			isa = XCBuildConfiguration;
			buildSettings = {
				ALWAYS_SEARCH_USER_PATHS = NO;
				CLANG_ANALYZER_NONNULL = YES;
				CLANG_ANALYZER_NUMBER_OBJECT_CONVERSION = YES_AGGRESSIVE;
				CLANG_CXX_LANGUAGE_STANDARD = "gnu++14";
				CLANG_CXX_LIBRARY = "libc++";
				CLANG_ENABLE_MODULES = YES;
				CLANG_ENABLE_OBJC_ARC = YES;
				CLANG_ENABLE_OBJC_WEAK = YES;
				CLANG_WARN_BLOCK_CAPTURE_AUTORELEASING = YES;
				CLANG_WARN_BOOL_CONVERSION = YES;
				CLANG_WARN_COMMA = YES;
				CLANG_WARN_CONSTANT_CONVERSION = YES;
				CLANG_WARN_DEPRECATED_OBJC_IMPLEMENTATIONS = YES;
				CLANG_WARN_DIRECT_OBJC_ISA_USAGE = YES_ERROR;
				CLANG_WARN_DOCUMENTATION_COMMENTS = YES;
				CLANG_WARN_EMPTY_BODY = YES;
				CLANG_WARN_ENUM_CONVERSION = YES;
				CLANG_WARN_INFINITE_RECURSION = YES;
				CLANG_WARN_INT_CONVERSION = YES;
				CLANG_WARN_NON_LITERAL_NULL_CONVERSION = YES;
				CLANG_WARN_OBJC_IMPLICIT_RETAIN_SELF = YES;
				CLANG_WARN_OBJC_LITERAL_CONVERSION = YES;
				CLANG_WARN_OBJC_ROOT_CLASS = YES_ERROR;
				CLANG_WARN_RANGE_LOOP_ANALYSIS = YES;
				CLANG_WARN_STRICT_PROTOTYPES = YES;
				CLANG_WARN_SUSPICIOUS_MOVE = YES;
				CLANG_WARN_UNGUARDED_AVAILABILITY = YES_AGGRESSIVE;
				CLANG_WARN_UNREACHABLE_CODE = YES;
				CLANG_WARN__DUPLICATE_METHOD_MATCH = YES;
				CODE_SIGN_IDENTITY = "iPhone Developer";
				COPY_PHASE_STRIP = NO;
				DEBUG_INFORMATION_FORMAT = dwarf;
				ENABLE_STRICT_OBJC_MSGSEND = YES;
				ENABLE_TESTABILITY = YES;
				GCC_C_LANGUAGE_STANDARD = gnu11;
				GCC_DYNAMIC_NO_PIC = NO;
				GCC_NO_COMMON_BLOCKS = YES;
				GCC_OPTIMIZATION_LEVEL = 0;
				GCC_PREPROCESSOR_DEFINITIONS = (
					"DEBUG=1",
					"$(inherited)",
				);
				GCC_WARN_64_TO_32_BIT_CONVERSION = YES;
				GCC_WARN_ABOUT_RETURN_TYPE = YES_ERROR;
				GCC_WARN_UNDECLARED_SELECTOR = YES;
				GCC_WARN_UNINITIALIZED_AUTOS = YES_AGGRESSIVE;
				GCC_WARN_UNUSED_FUNCTION = YES;
				GCC_WARN_UNUSED_VARIABLE = YES;
				IPHONEOS_DEPLOYMENT_TARGET = 12.2;
				MTL_ENABLE_DEBUG_INFO = INCLUDE_SOURCE;
				MTL_FAST_MATH = YES;
				ONLY_ACTIVE_ARCH = YES;
				SDKROOT = iphoneos;
				SWIFT_ACTIVE_COMPILATION_CONDITIONS = DEBUG;
				SWIFT_OPTIMIZATION_LEVEL = "-Onone";
			};
			name = Debug;
		};
		1906C81422D1B098007CD0D4 /* Release */ = {
			isa = XCBuildConfiguration;
			buildSettings = {
				ALWAYS_SEARCH_USER_PATHS = NO;
				CLANG_ANALYZER_NONNULL = YES;
				CLANG_ANALYZER_NUMBER_OBJECT_CONVERSION = YES_AGGRESSIVE;
				CLANG_CXX_LANGUAGE_STANDARD = "gnu++14";
				CLANG_CXX_LIBRARY = "libc++";
				CLANG_ENABLE_MODULES = YES;
				CLANG_ENABLE_OBJC_ARC = YES;
				CLANG_ENABLE_OBJC_WEAK = YES;
				CLANG_WARN_BLOCK_CAPTURE_AUTORELEASING = YES;
				CLANG_WARN_BOOL_CONVERSION = YES;
				CLANG_WARN_COMMA = YES;
				CLANG_WARN_CONSTANT_CONVERSION = YES;
				CLANG_WARN_DEPRECATED_OBJC_IMPLEMENTATIONS = YES;
				CLANG_WARN_DIRECT_OBJC_ISA_USAGE = YES_ERROR;
				CLANG_WARN_DOCUMENTATION_COMMENTS = YES;
				CLANG_WARN_EMPTY_BODY = YES;
				CLANG_WARN_ENUM_CONVERSION = YES;
				CLANG_WARN_INFINITE_RECURSION = YES;
				CLANG_WARN_INT_CONVERSION = YES;
				CLANG_WARN_NON_LITERAL_NULL_CONVERSION = YES;
				CLANG_WARN_OBJC_IMPLICIT_RETAIN_SELF = YES;
				CLANG_WARN_OBJC_LITERAL_CONVERSION = YES;
				CLANG_WARN_OBJC_ROOT_CLASS = YES_ERROR;
				CLANG_WARN_RANGE_LOOP_ANALYSIS = YES;
				CLANG_WARN_STRICT_PROTOTYPES = YES;
				CLANG_WARN_SUSPICIOUS_MOVE = YES;
				CLANG_WARN_UNGUARDED_AVAILABILITY = YES_AGGRESSIVE;
				CLANG_WARN_UNREACHABLE_CODE = YES;
				CLANG_WARN__DUPLICATE_METHOD_MATCH = YES;
				CODE_SIGN_IDENTITY = "iPhone Developer";
				COPY_PHASE_STRIP = NO;
				DEBUG_INFORMATION_FORMAT = "dwarf-with-dsym";
				ENABLE_NS_ASSERTIONS = NO;
				ENABLE_STRICT_OBJC_MSGSEND = YES;
				GCC_C_LANGUAGE_STANDARD = gnu11;
				GCC_NO_COMMON_BLOCKS = YES;
				GCC_WARN_64_TO_32_BIT_CONVERSION = YES;
				GCC_WARN_ABOUT_RETURN_TYPE = YES_ERROR;
				GCC_WARN_UNDECLARED_SELECTOR = YES;
				GCC_WARN_UNINITIALIZED_AUTOS = YES_AGGRESSIVE;
				GCC_WARN_UNUSED_FUNCTION = YES;
				GCC_WARN_UNUSED_VARIABLE = YES;
				IPHONEOS_DEPLOYMENT_TARGET = 12.2;
				MTL_ENABLE_DEBUG_INFO = NO;
				MTL_FAST_MATH = YES;
				SDKROOT = iphoneos;
				SWIFT_COMPILATION_MODE = wholemodule;
				SWIFT_OPTIMIZATION_LEVEL = "-O";
				VALIDATE_PRODUCT = YES;
			};
			name = Release;
		};
		1906C81622D1B098007CD0D4 /* Debug */ = {
			isa = XCBuildConfiguration;
			baseConfigurationReference = 422F6A7D5D69406A23ABBEB6 /* Pods-FCS Mock Season Creator.debug.xcconfig */;
			buildSettings = {
				ASSETCATALOG_COMPILER_APPICON_NAME = AppIcon;
				CODE_SIGN_STYLE = Automatic;
				DEVELOPMENT_TEAM = V3MDBDHR5T;
				INFOPLIST_FILE = "FCS Mock Season Creator/Info.plist";
				LD_RUNPATH_SEARCH_PATHS = (
					"$(inherited)",
					"@executable_path/Frameworks",
				);
				PRODUCT_BUNDLE_IDENTIFIER = "com.insidious.FCS-Mock-Season-Creator";
				PRODUCT_NAME = "$(TARGET_NAME)";
				SWIFT_VERSION = 5.0;
				TARGETED_DEVICE_FAMILY = "1,2";
			};
			name = Debug;
		};
		1906C81722D1B098007CD0D4 /* Release */ = {
			isa = XCBuildConfiguration;
			baseConfigurationReference = C74013DE263F15B8BAE7C113 /* Pods-FCS Mock Season Creator.release.xcconfig */;
			buildSettings = {
				ASSETCATALOG_COMPILER_APPICON_NAME = AppIcon;
				CODE_SIGN_STYLE = Automatic;
				DEVELOPMENT_TEAM = V3MDBDHR5T;
				INFOPLIST_FILE = "FCS Mock Season Creator/Info.plist";
				LD_RUNPATH_SEARCH_PATHS = (
					"$(inherited)",
					"@executable_path/Frameworks",
				);
				PRODUCT_BUNDLE_IDENTIFIER = "com.insidious.FCS-Mock-Season-Creator";
				PRODUCT_NAME = "$(TARGET_NAME)";
				SWIFT_VERSION = 5.0;
				TARGETED_DEVICE_FAMILY = "1,2";
			};
			name = Release;
		};
		1906C81922D1B098007CD0D4 /* Debug */ = {
			isa = XCBuildConfiguration;
			baseConfigurationReference = 005C61658A425F55E5DA0BDB /* Pods-FCS Mock Season CreatorTests.debug.xcconfig */;
			buildSettings = {
				ALWAYS_EMBED_SWIFT_STANDARD_LIBRARIES = YES;
				BUNDLE_LOADER = "$(TEST_HOST)";
				CODE_SIGN_STYLE = Automatic;
				DEVELOPMENT_TEAM = V3MDBDHR5T;
				INFOPLIST_FILE = "FCS Mock Season CreatorTests/Info.plist";
				LD_RUNPATH_SEARCH_PATHS = (
					"$(inherited)",
					"@executable_path/Frameworks",
					"@loader_path/Frameworks",
				);
				PRODUCT_BUNDLE_IDENTIFIER = "com.insidious.FCS-Mock-Season-CreatorTests";
				PRODUCT_NAME = "$(TARGET_NAME)";
				SWIFT_VERSION = 5.0;
				TARGETED_DEVICE_FAMILY = "1,2";
				TEST_HOST = "$(BUILT_PRODUCTS_DIR)/FCS Mock Season Creator.app/FCS Mock Season Creator";
			};
			name = Debug;
		};
		1906C81A22D1B098007CD0D4 /* Release */ = {
			isa = XCBuildConfiguration;
			baseConfigurationReference = 4115BD9DFDE47937034BC5F4 /* Pods-FCS Mock Season CreatorTests.release.xcconfig */;
			buildSettings = {
				ALWAYS_EMBED_SWIFT_STANDARD_LIBRARIES = YES;
				BUNDLE_LOADER = "$(TEST_HOST)";
				CODE_SIGN_STYLE = Automatic;
				DEVELOPMENT_TEAM = V3MDBDHR5T;
				INFOPLIST_FILE = "FCS Mock Season CreatorTests/Info.plist";
				LD_RUNPATH_SEARCH_PATHS = (
					"$(inherited)",
					"@executable_path/Frameworks",
					"@loader_path/Frameworks",
				);
				PRODUCT_BUNDLE_IDENTIFIER = "com.insidious.FCS-Mock-Season-CreatorTests";
				PRODUCT_NAME = "$(TARGET_NAME)";
				SWIFT_VERSION = 5.0;
				TARGETED_DEVICE_FAMILY = "1,2";
				TEST_HOST = "$(BUILT_PRODUCTS_DIR)/FCS Mock Season Creator.app/FCS Mock Season Creator";
			};
			name = Release;
		};
		1906C81C22D1B098007CD0D4 /* Debug */ = {
			isa = XCBuildConfiguration;
			baseConfigurationReference = FEFB1936A4BB6ABD8736C17F /* Pods-FCS Mock Season CreatorUITests.debug.xcconfig */;
			buildSettings = {
				ALWAYS_EMBED_SWIFT_STANDARD_LIBRARIES = YES;
				CODE_SIGN_STYLE = Automatic;
				DEVELOPMENT_TEAM = V3MDBDHR5T;
				INFOPLIST_FILE = "FCS Mock Season CreatorUITests/Info.plist";
				LD_RUNPATH_SEARCH_PATHS = (
					"$(inherited)",
					"@executable_path/Frameworks",
					"@loader_path/Frameworks",
				);
				PRODUCT_BUNDLE_IDENTIFIER = "com.insidious.FCS-Mock-Season-CreatorUITests";
				PRODUCT_NAME = "$(TARGET_NAME)";
				SWIFT_VERSION = 5.0;
				TARGETED_DEVICE_FAMILY = "1,2";
				TEST_TARGET_NAME = "FCS Mock Season Creator";
			};
			name = Debug;
		};
		1906C81D22D1B098007CD0D4 /* Release */ = {
			isa = XCBuildConfiguration;
			baseConfigurationReference = EA7B76FDF6993F164C9FA03E /* Pods-FCS Mock Season CreatorUITests.release.xcconfig */;
			buildSettings = {
				ALWAYS_EMBED_SWIFT_STANDARD_LIBRARIES = YES;
				CODE_SIGN_STYLE = Automatic;
				DEVELOPMENT_TEAM = V3MDBDHR5T;
				INFOPLIST_FILE = "FCS Mock Season CreatorUITests/Info.plist";
				LD_RUNPATH_SEARCH_PATHS = (
					"$(inherited)",
					"@executable_path/Frameworks",
					"@loader_path/Frameworks",
				);
				PRODUCT_BUNDLE_IDENTIFIER = "com.insidious.FCS-Mock-Season-CreatorUITests";
				PRODUCT_NAME = "$(TARGET_NAME)";
				SWIFT_VERSION = 5.0;
				TARGETED_DEVICE_FAMILY = "1,2";
				TEST_TARGET_NAME = "FCS Mock Season Creator";
			};
			name = Release;
		};
/* End XCBuildConfiguration section */

/* Begin XCConfigurationList section */
		1906C7E522D1B097007CD0D4 /* Build configuration list for PBXProject "FCS Mock Season Creator" */ = {
			isa = XCConfigurationList;
			buildConfigurations = (
				1906C81322D1B098007CD0D4 /* Debug */,
				1906C81422D1B098007CD0D4 /* Release */,
			);
			defaultConfigurationIsVisible = 0;
			defaultConfigurationName = Release;
		};
		1906C81522D1B098007CD0D4 /* Build configuration list for PBXNativeTarget "FCS Mock Season Creator" */ = {
			isa = XCConfigurationList;
			buildConfigurations = (
				1906C81622D1B098007CD0D4 /* Debug */,
				1906C81722D1B098007CD0D4 /* Release */,
			);
			defaultConfigurationIsVisible = 0;
			defaultConfigurationName = Release;
		};
		1906C81822D1B098007CD0D4 /* Build configuration list for PBXNativeTarget "FCS Mock Season CreatorTests" */ = {
			isa = XCConfigurationList;
			buildConfigurations = (
				1906C81922D1B098007CD0D4 /* Debug */,
				1906C81A22D1B098007CD0D4 /* Release */,
			);
			defaultConfigurationIsVisible = 0;
			defaultConfigurationName = Release;
		};
		1906C81B22D1B098007CD0D4 /* Build configuration list for PBXNativeTarget "FCS Mock Season CreatorUITests" */ = {
			isa = XCConfigurationList;
			buildConfigurations = (
				1906C81C22D1B098007CD0D4 /* Debug */,
				1906C81D22D1B098007CD0D4 /* Release */,
			);
			defaultConfigurationIsVisible = 0;
			defaultConfigurationName = Release;
		};
/* End XCConfigurationList section */

/* Begin XCVersionGroup section */
		1906C7F422D1B097007CD0D4 /* FCS_Mock_Season_Creator.xcdatamodeld */ = {
			isa = XCVersionGroup;
			children = (
				1906C7F522D1B097007CD0D4 /* FCS_Mock_Season_Creator.xcdatamodel */,
			);
			currentVersion = 1906C7F522D1B097007CD0D4 /* FCS_Mock_Season_Creator.xcdatamodel */;
			path = FCS_Mock_Season_Creator.xcdatamodeld;
			sourceTree = "<group>";
			versionGroupType = wrapper.xcdatamodel;
		};
/* End XCVersionGroup section */
	};
	rootObject = 1906C7E222D1B097007CD0D4 /* Project object */;
}
